// !$*UTF8*$!
{
	archiveVersion = 1;
	classes = {
	};
	objectVersion = 50;
	objects = {

/* Begin PBXBuildFile section */
		7896D32E21EF2AE00012018B /* AppDelegate.swift in Sources */ = {isa = PBXBuildFile; fileRef = 7896D32D21EF2AE00012018B /* AppDelegate.swift */; };
		7896D33021EF2AE00012018B /* ViewController.swift in Sources */ = {isa = PBXBuildFile; fileRef = 7896D32F21EF2AE00012018B /* ViewController.swift */; };
		7896D33321EF2AE00012018B /* Main.storyboard in Resources */ = {isa = PBXBuildFile; fileRef = 7896D33121EF2AE00012018B /* Main.storyboard */; };
		7896D33521EF2AE10012018B /* Assets.xcassets in Resources */ = {isa = PBXBuildFile; fileRef = 7896D33421EF2AE10012018B /* Assets.xcassets */; };
		7896D33821EF2AE10012018B /* LaunchScreen.storyboard in Resources */ = {isa = PBXBuildFile; fileRef = 7896D33621EF2AE10012018B /* LaunchScreen.storyboard */; };
		7896D34321EF2AE10012018B /* AssemblyCodeTests.swift in Sources */ = {isa = PBXBuildFile; fileRef = 7896D34221EF2AE10012018B /* AssemblyCodeTests.swift */; };
		7896D34E21EF2AE10012018B /* AssemblyCodeUITests.swift in Sources */ = {isa = PBXBuildFile; fileRef = 7896D34D21EF2AE10012018B /* AssemblyCodeUITests.swift */; };
/* End PBXBuildFile section */

/* Begin PBXContainerItemProxy section */
		7896D33F21EF2AE10012018B /* PBXContainerItemProxy */ = {
			isa = PBXContainerItemProxy;
			containerPortal = 7896D32221EF2AE00012018B /* Project object */;
			proxyType = 1;
			remoteGlobalIDString = 7896D32921EF2AE00012018B;
			remoteInfo = AssemblyCode;
		};
		7896D34A21EF2AE10012018B /* PBXContainerItemProxy */ = {
			isa = PBXContainerItemProxy;
			containerPortal = 7896D32221EF2AE00012018B /* Project object */;
			proxyType = 1;
			remoteGlobalIDString = 7896D32921EF2AE00012018B;
			remoteInfo = AssemblyCode;
		};
/* End PBXContainerItemProxy section */

/* Begin PBXFileReference section */
		7896D32A21EF2AE00012018B /* AssemblyCode.app */ = {isa = PBXFileReference; explicitFileType = wrapper.application; includeInIndex = 0; path = AssemblyCode.app; sourceTree = BUILT_PRODUCTS_DIR; };
		7896D32D21EF2AE00012018B /* AppDelegate.swift */ = {isa = PBXFileReference; lastKnownFileType = sourcecode.swift; path = AppDelegate.swift; sourceTree = "<group>"; };
		7896D32F21EF2AE00012018B /* ViewController.swift */ = {isa = PBXFileReference; lastKnownFileType = sourcecode.swift; path = ViewController.swift; sourceTree = "<group>"; };
		7896D33221EF2AE00012018B /* Base */ = {isa = PBXFileReference; lastKnownFileType = file.storyboard; name = Base; path = Base.lproj/Main.storyboard; sourceTree = "<group>"; };
		7896D33421EF2AE10012018B /* Assets.xcassets */ = {isa = PBXFileReference; lastKnownFileType = folder.assetcatalog; path = Assets.xcassets; sourceTree = "<group>"; };
		7896D33721EF2AE10012018B /* Base */ = {isa = PBXFileReference; lastKnownFileType = file.storyboard; name = Base; path = Base.lproj/LaunchScreen.storyboard; sourceTree = "<group>"; };
		7896D33921EF2AE10012018B /* Info.plist */ = {isa = PBXFileReference; lastKnownFileType = text.plist.xml; path = Info.plist; sourceTree = "<group>"; };
		7896D33E21EF2AE10012018B /* AssemblyCodeTests.xctest */ = {isa = PBXFileReference; explicitFileType = wrapper.cfbundle; includeInIndex = 0; path = AssemblyCodeTests.xctest; sourceTree = BUILT_PRODUCTS_DIR; };
		7896D34221EF2AE10012018B /* AssemblyCodeTests.swift */ = {isa = PBXFileReference; lastKnownFileType = sourcecode.swift; path = AssemblyCodeTests.swift; sourceTree = "<group>"; };
		7896D34421EF2AE10012018B /* Info.plist */ = {isa = PBXFileReference; lastKnownFileType = text.plist.xml; path = Info.plist; sourceTree = "<group>"; };
		7896D34921EF2AE10012018B /* AssemblyCodeUITests.xctest */ = {isa = PBXFileReference; explicitFileType = wrapper.cfbundle; includeInIndex = 0; path = AssemblyCodeUITests.xctest; sourceTree = BUILT_PRODUCTS_DIR; };
		7896D34D21EF2AE10012018B /* AssemblyCodeUITests.swift */ = {isa = PBXFileReference; lastKnownFileType = sourcecode.swift; path = AssemblyCodeUITests.swift; sourceTree = "<group>"; };
		7896D34F21EF2AE10012018B /* Info.plist */ = {isa = PBXFileReference; lastKnownFileType = text.plist.xml; path = Info.plist; sourceTree = "<group>"; };
/* End PBXFileReference section */

/* Begin PBXFrameworksBuildPhase section */
		7896D32721EF2AE00012018B /* Frameworks */ = {
			isa = PBXFrameworksBuildPhase;
			buildActionMask = 2147483647;
			files = (
			);
			runOnlyForDeploymentPostprocessing = 0;
		};
		7896D33B21EF2AE10012018B /* Frameworks */ = {
			isa = PBXFrameworksBuildPhase;
			buildActionMask = 2147483647;
			files = (
			);
			runOnlyForDeploymentPostprocessing = 0;
		};
		7896D34621EF2AE10012018B /* Frameworks */ = {
			isa = PBXFrameworksBuildPhase;
			buildActionMask = 2147483647;
			files = (
			);
			runOnlyForDeploymentPostprocessing = 0;
		};
/* End PBXFrameworksBuildPhase section */

/* Begin PBXGroup section */
		7896D32121EF2AE00012018B = {
			isa = PBXGroup;
			children = (
				7896D32C21EF2AE00012018B /* AssemblyCode */,
				7896D34121EF2AE10012018B /* AssemblyCodeTests */,
				7896D34C21EF2AE10012018B /* AssemblyCodeUITests */,
				7896D32B21EF2AE00012018B /* Products */,
			);
			sourceTree = "<group>";
		};
		7896D32B21EF2AE00012018B /* Products */ = {
			isa = PBXGroup;
			children = (
				7896D32A21EF2AE00012018B /* AssemblyCode.app */,
				7896D33E21EF2AE10012018B /* AssemblyCodeTests.xctest */,
				7896D34921EF2AE10012018B /* AssemblyCodeUITests.xctest */,
			);
			name = Products;
			sourceTree = "<group>";
		};
		7896D32C21EF2AE00012018B /* AssemblyCode */ = {
			isa = PBXGroup;
			children = (
				7896D32D21EF2AE00012018B /* AppDelegate.swift */,
				7896D32F21EF2AE00012018B /* ViewController.swift */,
				7896D33121EF2AE00012018B /* Main.storyboard */,
				7896D33421EF2AE10012018B /* Assets.xcassets */,
				7896D33621EF2AE10012018B /* LaunchScreen.storyboard */,
				7896D33921EF2AE10012018B /* Info.plist */,
			);
			path = AssemblyCode;
			sourceTree = "<group>";
		};
		7896D34121EF2AE10012018B /* AssemblyCodeTests */ = {
			isa = PBXGroup;
			children = (
				7896D34221EF2AE10012018B /* AssemblyCodeTests.swift */,
				7896D34421EF2AE10012018B /* Info.plist */,
			);
			path = AssemblyCodeTests;
			sourceTree = "<group>";
		};
		7896D34C21EF2AE10012018B /* AssemblyCodeUITests */ = {
			isa = PBXGroup;
			children = (
				7896D34D21EF2AE10012018B /* AssemblyCodeUITests.swift */,
				7896D34F21EF2AE10012018B /* Info.plist */,
			);
			path = AssemblyCodeUITests;
			sourceTree = "<group>";
		};
/* End PBXGroup section */

/* Begin PBXNativeTarget section */
		7896D32921EF2AE00012018B /* AssemblyCode */ = {
			isa = PBXNativeTarget;
			buildConfigurationList = 7896D35221EF2AE10012018B /* Build configuration list for PBXNativeTarget "AssemblyCode" */;
			buildPhases = (
				7896D32621EF2AE00012018B /* Sources */,
				7896D32721EF2AE00012018B /* Frameworks */,
				7896D32821EF2AE00012018B /* Resources */,
			);
			buildRules = (
			);
			dependencies = (
			);
			name = AssemblyCode;
			productName = AssemblyCode;
			productReference = 7896D32A21EF2AE00012018B /* AssemblyCode.app */;
			productType = "com.apple.product-type.application";
		};
		7896D33D21EF2AE10012018B /* AssemblyCodeTests */ = {
			isa = PBXNativeTarget;
			buildConfigurationList = 7896D35521EF2AE10012018B /* Build configuration list for PBXNativeTarget "AssemblyCodeTests" */;
			buildPhases = (
				7896D33A21EF2AE10012018B /* Sources */,
				7896D33B21EF2AE10012018B /* Frameworks */,
				7896D33C21EF2AE10012018B /* Resources */,
			);
			buildRules = (
			);
			dependencies = (
				7896D34021EF2AE10012018B /* PBXTargetDependency */,
			);
			name = AssemblyCodeTests;
			productName = AssemblyCodeTests;
			productReference = 7896D33E21EF2AE10012018B /* AssemblyCodeTests.xctest */;
			productType = "com.apple.product-type.bundle.unit-test";
		};
		7896D34821EF2AE10012018B /* AssemblyCodeUITests */ = {
			isa = PBXNativeTarget;
			buildConfigurationList = 7896D35821EF2AE10012018B /* Build configuration list for PBXNativeTarget "AssemblyCodeUITests" */;
			buildPhases = (
				7896D34521EF2AE10012018B /* Sources */,
				7896D34621EF2AE10012018B /* Frameworks */,
				7896D34721EF2AE10012018B /* Resources */,
			);
			buildRules = (
			);
			dependencies = (
				7896D34B21EF2AE10012018B /* PBXTargetDependency */,
			);
			name = AssemblyCodeUITests;
			productName = AssemblyCodeUITests;
			productReference = 7896D34921EF2AE10012018B /* AssemblyCodeUITests.xctest */;
			productType = "com.apple.product-type.bundle.ui-testing";
		};
/* End PBXNativeTarget section */

/* Begin PBXProject section */
		7896D32221EF2AE00012018B /* Project object */ = {
			isa = PBXProject;
			attributes = {
				LastSwiftUpdateCheck = 1010;
				LastUpgradeCheck = 1010;
				ORGANIZATIONNAME = TimeForest;
				TargetAttributes = {
					7896D32921EF2AE00012018B = {
						CreatedOnToolsVersion = 10.1;
					};
					7896D33D21EF2AE10012018B = {
						CreatedOnToolsVersion = 10.1;
						TestTargetID = 7896D32921EF2AE00012018B;
					};
					7896D34821EF2AE10012018B = {
						CreatedOnToolsVersion = 10.1;
						TestTargetID = 7896D32921EF2AE00012018B;
					};
				};
			};
			buildConfigurationList = 7896D32521EF2AE00012018B /* Build configuration list for PBXProject "AssemblyCode" */;
			compatibilityVersion = "Xcode 9.3";
			developmentRegion = en;
			hasScannedForEncodings = 0;
			knownRegions = (
				en,
				Base,
			);
			mainGroup = 7896D32121EF2AE00012018B;
			productRefGroup = 7896D32B21EF2AE00012018B /* Products */;
			projectDirPath = "";
			projectRoot = "";
			targets = (
				7896D32921EF2AE00012018B /* AssemblyCode */,
				7896D33D21EF2AE10012018B /* AssemblyCodeTests */,
				7896D34821EF2AE10012018B /* AssemblyCodeUITests */,
			);
		};
/* End PBXProject section */

/* Begin PBXResourcesBuildPhase section */
		7896D32821EF2AE00012018B /* Resources */ = {
			isa = PBXResourcesBuildPhase;
			buildActionMask = 2147483647;
			files = (
				7896D33821EF2AE10012018B /* LaunchScreen.storyboard in Resources */,
				7896D33521EF2AE10012018B /* Assets.xcassets in Resources */,
				7896D33321EF2AE00012018B /* Main.storyboard in Resources */,
			);
			runOnlyForDeploymentPostprocessing = 0;
		};
		7896D33C21EF2AE10012018B /* Resources */ = {
			isa = PBXResourcesBuildPhase;
			buildActionMask = 2147483647;
			files = (
			);
			runOnlyForDeploymentPostprocessing = 0;
		};
		7896D34721EF2AE10012018B /* Resources */ = {
			isa = PBXResourcesBuildPhase;
			buildActionMask = 2147483647;
			files = (
			);
			runOnlyForDeploymentPostprocessing = 0;
		};
/* End PBXResourcesBuildPhase section */

/* Begin PBXSourcesBuildPhase section */
		7896D32621EF2AE00012018B /* Sources */ = {
			isa = PBXSourcesBuildPhase;
			buildActionMask = 2147483647;
			files = (
				7896D33021EF2AE00012018B /* ViewController.swift in Sources */,
				7896D32E21EF2AE00012018B /* AppDelegate.swift in Sources */,
			);
			runOnlyForDeploymentPostprocessing = 0;
		};
		7896D33A21EF2AE10012018B /* Sources */ = {
			isa = PBXSourcesBuildPhase;
			buildActionMask = 2147483647;
			files = (
				7896D34321EF2AE10012018B /* AssemblyCodeTests.swift in Sources */,
			);
			runOnlyForDeploymentPostprocessing = 0;
		};
		7896D34521EF2AE10012018B /* Sources */ = {
			isa = PBXSourcesBuildPhase;
			buildActionMask = 2147483647;
			files = (
				7896D34E21EF2AE10012018B /* AssemblyCodeUITests.swift in Sources */,
			);
			runOnlyForDeploymentPostprocessing = 0;
		};
/* End PBXSourcesBuildPhase section */

/* Begin PBXTargetDependency section */
		7896D34021EF2AE10012018B /* PBXTargetDependency */ = {
			isa = PBXTargetDependency;
			target = 7896D32921EF2AE00012018B /* AssemblyCode */;
			targetProxy = 7896D33F21EF2AE10012018B /* PBXContainerItemProxy */;
		};
		7896D34B21EF2AE10012018B /* PBXTargetDependency */ = {
			isa = PBXTargetDependency;
			target = 7896D32921EF2AE00012018B /* AssemblyCode */;
			targetProxy = 7896D34A21EF2AE10012018B /* PBXContainerItemProxy */;
		};
/* End PBXTargetDependency section */

/* Begin PBXVariantGroup section */
		7896D33121EF2AE00012018B /* Main.storyboard */ = {
			isa = PBXVariantGroup;
			children = (
				7896D33221EF2AE00012018B /* Base */,
			);
			name = Main.storyboard;
			sourceTree = "<group>";
		};
		7896D33621EF2AE10012018B /* LaunchScreen.storyboard */ = {
			isa = PBXVariantGroup;
			children = (
				7896D33721EF2AE10012018B /* Base */,
			);
			name = LaunchScreen.storyboard;
			sourceTree = "<group>";
		};
/* End PBXVariantGroup section */

/* Begin XCBuildConfiguration section */
		7896D35021EF2AE10012018B /* Debug */ = {
			isa = XCBuildConfiguration;
			buildSettings = {
				ALWAYS_SEARCH_USER_PATHS = NO;
				CLANG_ANALYZER_NONNULL = YES;
				CLANG_ANALYZER_NUMBER_OBJECT_CONVERSION = YES_AGGRESSIVE;
				CLANG_CXX_LANGUAGE_STANDARD = "gnu++14";
				CLANG_CXX_LIBRARY = "libc++";
				CLANG_ENABLE_MODULES = YES;
				CLANG_ENABLE_OBJC_ARC = YES;
				CLANG_ENABLE_OBJC_WEAK = YES;
				CLANG_WARN_BLOCK_CAPTURE_AUTORELEASING = YES;
				CLANG_WARN_BOOL_CONVERSION = YES;
				CLANG_WARN_COMMA = YES;
				CLANG_WARN_CONSTANT_CONVERSION = YES;
				CLANG_WARN_DEPRECATED_OBJC_IMPLEMENTATIONS = YES;
				CLANG_WARN_DIRECT_OBJC_ISA_USAGE = YES_ERROR;
				CLANG_WARN_DOCUMENTATION_COMMENTS = YES;
				CLANG_WARN_EMPTY_BODY = YES;
				CLANG_WARN_ENUM_CONVERSION = YES;
				CLANG_WARN_INFINITE_RECURSION = YES;
				CLANG_WARN_INT_CONVERSION = YES;
				CLANG_WARN_NON_LITERAL_NULL_CONVERSION = YES;
				CLANG_WARN_OBJC_IMPLICIT_RETAIN_SELF = YES;
				CLANG_WARN_OBJC_LITERAL_CONVERSION = YES;
				CLANG_WARN_OBJC_ROOT_CLASS = YES_ERROR;
				CLANG_WARN_RANGE_LOOP_ANALYSIS = YES;
				CLANG_WARN_STRICT_PROTOTYPES = YES;
				CLANG_WARN_SUSPICIOUS_MOVE = YES;
				CLANG_WARN_UNGUARDED_AVAILABILITY = YES_AGGRESSIVE;
				CLANG_WARN_UNREACHABLE_CODE = YES;
				CLANG_WARN__DUPLICATE_METHOD_MATCH = YES;
				CODE_SIGN_IDENTITY = "iPhone Developer";
				COPY_PHASE_STRIP = NO;
				DEBUG_INFORMATION_FORMAT = dwarf;
				ENABLE_STRICT_OBJC_MSGSEND = YES;
				ENABLE_TESTABILITY = YES;
				GCC_C_LANGUAGE_STANDARD = gnu11;
				GCC_DYNAMIC_NO_PIC = NO;
				GCC_NO_COMMON_BLOCKS = YES;
				GCC_OPTIMIZATION_LEVEL = 0;
				GCC_PREPROCESSOR_DEFINITIONS = (
					"DEBUG=1",
					"$(inherited)",
				);
				GCC_WARN_64_TO_32_BIT_CONVERSION = YES;
				GCC_WARN_ABOUT_RETURN_TYPE = YES_ERROR;
				GCC_WARN_UNDECLARED_SELECTOR = YES;
				GCC_WARN_UNINITIALIZED_AUTOS = YES_AGGRESSIVE;
				GCC_WARN_UNUSED_FUNCTION = YES;
				GCC_WARN_UNUSED_VARIABLE = YES;
				IPHONEOS_DEPLOYMENT_TARGET = 12.1;
				MTL_ENABLE_DEBUG_INFO = INCLUDE_SOURCE;
				MTL_FAST_MATH = YES;
				ONLY_ACTIVE_ARCH = YES;
				SDKROOT = iphoneos;
				SWIFT_ACTIVE_COMPILATION_CONDITIONS = DEBUG;
				SWIFT_OPTIMIZATION_LEVEL = "-Onone";
			};
			name = Debug;
		};
		7896D35121EF2AE10012018B /* Release */ = {
			isa = XCBuildConfiguration;
			buildSettings = {
				ALWAYS_SEARCH_USER_PATHS = NO;
				CLANG_ANALYZER_NONNULL = YES;
				CLANG_ANALYZER_NUMBER_OBJECT_CONVERSION = YES_AGGRESSIVE;
				CLANG_CXX_LANGUAGE_STANDARD = "gnu++14";
				CLANG_CXX_LIBRARY = "libc++";
				CLANG_ENABLE_MODULES = YES;
				CLANG_ENABLE_OBJC_ARC = YES;
				CLANG_ENABLE_OBJC_WEAK = YES;
				CLANG_WARN_BLOCK_CAPTURE_AUTORELEASING = YES;
				CLANG_WARN_BOOL_CONVERSION = YES;
				CLANG_WARN_COMMA = YES;
				CLANG_WARN_CONSTANT_CONVERSION = YES;
				CLANG_WARN_DEPRECATED_OBJC_IMPLEMENTATIONS = YES;
				CLANG_WARN_DIRECT_OBJC_ISA_USAGE = YES_ERROR;
				CLANG_WARN_DOCUMENTATION_COMMENTS = YES;
				CLANG_WARN_EMPTY_BODY = YES;
				CLANG_WARN_ENUM_CONVERSION = YES;
				CLANG_WARN_INFINITE_RECURSION = YES;
				CLANG_WARN_INT_CONVERSION = YES;
				CLANG_WARN_NON_LITERAL_NULL_CONVERSION = YES;
				CLANG_WARN_OBJC_IMPLICIT_RETAIN_SELF = YES;
				CLANG_WARN_OBJC_LITERAL_CONVERSION = YES;
				CLANG_WARN_OBJC_ROOT_CLASS = YES_ERROR;
				CLANG_WARN_RANGE_LOOP_ANALYSIS = YES;
				CLANG_WARN_STRICT_PROTOTYPES = YES;
				CLANG_WARN_SUSPICIOUS_MOVE = YES;
				CLANG_WARN_UNGUARDED_AVAILABILITY = YES_AGGRESSIVE;
				CLANG_WARN_UNREACHABLE_CODE = YES;
				CLANG_WARN__DUPLICATE_METHOD_MATCH = YES;
				CODE_SIGN_IDENTITY = "iPhone Developer";
				COPY_PHASE_STRIP = NO;
				DEBUG_INFORMATION_FORMAT = "dwarf-with-dsym";
				ENABLE_NS_ASSERTIONS = NO;
				ENABLE_STRICT_OBJC_MSGSEND = YES;
				GCC_C_LANGUAGE_STANDARD = gnu11;
				GCC_NO_COMMON_BLOCKS = YES;
				GCC_WARN_64_TO_32_BIT_CONVERSION = YES;
				GCC_WARN_ABOUT_RETURN_TYPE = YES_ERROR;
				GCC_WARN_UNDECLARED_SELECTOR = YES;
				GCC_WARN_UNINITIALIZED_AUTOS = YES_AGGRESSIVE;
				GCC_WARN_UNUSED_FUNCTION = YES;
				GCC_WARN_UNUSED_VARIABLE = YES;
				IPHONEOS_DEPLOYMENT_TARGET = 12.1;
				MTL_ENABLE_DEBUG_INFO = NO;
				MTL_FAST_MATH = YES;
				SDKROOT = iphoneos;
				SWIFT_COMPILATION_MODE = wholemodule;
				SWIFT_OPTIMIZATION_LEVEL = "-O";
				VALIDATE_PRODUCT = YES;
			};
			name = Release;
		};
		7896D35321EF2AE10012018B /* Debug */ = {
			isa = XCBuildConfiguration;
			buildSettings = {
				ASSETCATALOG_COMPILER_APPICON_NAME = AppIcon;
				CODE_SIGN_STYLE = Automatic;
				DEVELOPMENT_TEAM = 2T7LAUN97D;
				INFOPLIST_FILE = AssemblyCode/Info.plist;
				IPHONEOS_DEPLOYMENT_TARGET = 11.0;
				LD_RUNPATH_SEARCH_PATHS = (
					"$(inherited)",
					"@executable_path/Frameworks",
				);
				PRODUCT_BUNDLE_IDENTIFIER = com.timeforest.AssemblyCode;
				PRODUCT_NAME = "$(TARGET_NAME)";
				SWIFT_VERSION = 4.2;
				TARGETED_DEVICE_FAMILY = "1,2";
			};
			name = Debug;
		};
		7896D35421EF2AE10012018B /* Release */ = {
			isa = XCBuildConfiguration;
			buildSettings = {
				ASSETCATALOG_COMPILER_APPICON_NAME = AppIcon;
				CODE_SIGN_STYLE = Automatic;
				DEVELOPMENT_TEAM = 2T7LAUN97D;
				INFOPLIST_FILE = AssemblyCode/Info.plist;
				IPHONEOS_DEPLOYMENT_TARGET = 11.0;
				LD_RUNPATH_SEARCH_PATHS = (
					"$(inherited)",
					"@executable_path/Frameworks",
				);
				PRODUCT_BUNDLE_IDENTIFIER = com.timeforest.AssemblyCode;
				PRODUCT_NAME = "$(TARGET_NAME)";
				SWIFT_VERSION = 4.2;
				TARGETED_DEVICE_FAMILY = "1,2";
			};
			name = Release;
		};
		7896D35621EF2AE10012018B /* Debug */ = {
			isa = XCBuildConfiguration;
			buildSettings = {
				ALWAYS_EMBED_SWIFT_STANDARD_LIBRARIES = YES;
				BUNDLE_LOADER = "$(TEST_HOST)";
				CODE_SIGN_STYLE = Automatic;
				INFOPLIST_FILE = AssemblyCodeTests/Info.plist;
				LD_RUNPATH_SEARCH_PATHS = (
					"$(inherited)",
					"@executable_path/Frameworks",
					"@loader_path/Frameworks",
				);
				PRODUCT_BUNDLE_IDENTIFIER = com.timeforest.AssemblyCodeTests;
				PRODUCT_NAME = "$(TARGET_NAME)";
				SWIFT_VERSION = 4.2;
				TARGETED_DEVICE_FAMILY = "1,2";
				TEST_HOST = "$(BUILT_PRODUCTS_DIR)/AssemblyCode.app/AssemblyCode";
			};
			name = Debug;
		};
		7896D35721EF2AE10012018B /* Release */ = {
			isa = XCBuildConfiguration;
			buildSettings = {
				ALWAYS_EMBED_SWIFT_STANDARD_LIBRARIES = YES;
				BUNDLE_LOADER = "$(TEST_HOST)";
				CODE_SIGN_STYLE = Automatic;
				INFOPLIST_FILE = AssemblyCodeTests/Info.plist;
				LD_RUNPATH_SEARCH_PATHS = (
					"$(inherited)",
					"@executable_path/Frameworks",
					"@loader_path/Frameworks",
				);
				PRODUCT_BUNDLE_IDENTIFIER = com.timeforest.AssemblyCodeTests;
				PRODUCT_NAME = "$(TARGET_NAME)";
				SWIFT_VERSION = 4.2;
				TARGETED_DEVICE_FAMILY = "1,2";
				TEST_HOST = "$(BUILT_PRODUCTS_DIR)/AssemblyCode.app/AssemblyCode";
			};
			name = Release;
		};
		7896D35921EF2AE10012018B /* Debug */ = {
			isa = XCBuildConfiguration;
			buildSettings = {
				ALWAYS_EMBED_SWIFT_STANDARD_LIBRARIES = YES;
				CODE_SIGN_STYLE = Automatic;
				INFOPLIST_FILE = AssemblyCodeUITests/Info.plist;
				LD_RUNPATH_SEARCH_PATHS = (
					"$(inherited)",
					"@executable_path/Frameworks",
					"@loader_path/Frameworks",
				);
				PRODUCT_BUNDLE_IDENTIFIER = com.timeforest.AssemblyCodeUITests;
				PRODUCT_NAME = "$(TARGET_NAME)";
				SWIFT_VERSION = 4.2;
				TARGETED_DEVICE_FAMILY = "1,2";
				TEST_TARGET_NAME = AssemblyCode;
			};
			name = Debug;
		};
		7896D35A21EF2AE10012018B /* Release */ = {
			isa = XCBuildConfiguration;
			buildSettings = {
				ALWAYS_EMBED_SWIFT_STANDARD_LIBRARIES = YES;
				CODE_SIGN_STYLE = Automatic;
				INFOPLIST_FILE = AssemblyCodeUITests/Info.plist;
				LD_RUNPATH_SEARCH_PATHS = (
					"$(inherited)",
					"@executable_path/Frameworks",
					"@loader_path/Frameworks",
				);
				PRODUCT_BUNDLE_IDENTIFIER = com.timeforest.AssemblyCodeUITests;
				PRODUCT_NAME = "$(TARGET_NAME)";
				SWIFT_VERSION = 4.2;
				TARGETED_DEVICE_FAMILY = "1,2";
				TEST_TARGET_NAME = AssemblyCode;
			};
			name = Release;
		};
/* End XCBuildConfiguration section */

/* Begin XCConfigurationList section */
		7896D32521EF2AE00012018B /* Build configuration list for PBXProject "AssemblyCode" */ = {
			isa = XCConfigurationList;
			buildConfigurations = (
				7896D35021EF2AE10012018B /* Debug */,
				7896D35121EF2AE10012018B /* Release */,
			);
			defaultConfigurationIsVisible = 0;
			defaultConfigurationName = Release;
		};
		7896D35221EF2AE10012018B /* Build configuration list for PBXNativeTarget "AssemblyCode" */ = {
			isa = XCConfigurationList;
			buildConfigurations = (
				7896D35321EF2AE10012018B /* Debug */,
				7896D35421EF2AE10012018B /* Release */,
			);
			defaultConfigurationIsVisible = 0;
			defaultConfigurationName = Release;
		};
		7896D35521EF2AE10012018B /* Build configuration list for PBXNativeTarget "AssemblyCodeTests" */ = {
			isa = XCConfigurationList;
			buildConfigurations = (
				7896D35621EF2AE10012018B /* Debug */,
				7896D35721EF2AE10012018B /* Release */,
			);
			defaultConfigurationIsVisible = 0;
			defaultConfigurationName = Release;
		};
		7896D35821EF2AE10012018B /* Build configuration list for PBXNativeTarget "AssemblyCodeUITests" */ = {
			isa = XCConfigurationList;
			buildConfigurations = (
				7896D35921EF2AE10012018B /* Debug */,
				7896D35A21EF2AE10012018B /* Release */,
			);
			defaultConfigurationIsVisible = 0;
			defaultConfigurationName = Release;
		};
/* End XCConfigurationList section */
	};
	rootObject = 7896D32221EF2AE00012018B /* Project object */;
}
