// !$*UTF8*$!
{
	archiveVersion = 1;
	classes = {
	};
	objectVersion = 50;
	objects = {

/* Begin PBXBuildFile section */
		0425C8702243658D00B4A549 /* RACDemoViewController.m in Sources */ = {isa = PBXBuildFile; fileRef = 0425C86E2243658D00B4A549 /* RACDemoViewController.m */; };
		3570EF42222962B60094297A /* AppDelegate.m in Sources */ = {isa = PBXBuildFile; fileRef = 3570EF36222962B60094297A /* AppDelegate.m */; };
		35C5260E2229205600F3FF39 /* InAppPurchaseViewController.m in Sources */ = {isa = PBXBuildFile; fileRef = 35C5260D2229205600F3FF39 /* InAppPurchaseViewController.m */; };
		35C526112229208000F3FF39 /* IAPManager.m in Sources */ = {isa = PBXBuildFile; fileRef = 35C526102229208000F3FF39 /* IAPManager.m */; };
		35D4F8AE22195B4E00AD086A /* ViewController.m in Sources */ = {isa = PBXBuildFile; fileRef = 7896D3A521EF335E0012018B /* ViewController.m */; };
		35D4F8AF22195B4E00AD086A /* main.m in Sources */ = {isa = PBXBuildFile; fileRef = 7896D3B021EF335E0012018B /* main.m */; };
		35D4F8B122195B4E00AD086A /* iOS.swift in Sources */ = {isa = PBXBuildFile; fileRef = 78B5AF0621F722230038B6E5 /* iOS.swift */; };
		35D4F8B522195B4E00AD086A /* LaunchScreen.storyboard in Resources */ = {isa = PBXBuildFile; fileRef = 7896D3AC21EF335E0012018B /* LaunchScreen.storyboard */; };
		35D4F8B622195B4E00AD086A /* Assets.xcassets in Resources */ = {isa = PBXBuildFile; fileRef = 7896D3AA21EF335E0012018B /* Assets.xcassets */; };
		35D4F8B722195B4E00AD086A /* Main.storyboard in Resources */ = {isa = PBXBuildFile; fileRef = 7896D3A721EF335E0012018B /* Main.storyboard */; };
		35D4F8BF2219758000AD086A /* Skill.swift in Sources */ = {isa = PBXBuildFile; fileRef = 35D4F8BE2219758000AD086A /* Skill.swift */; };
		35D4F8C122197A6500AD086A /* Question1.swift in Sources */ = {isa = PBXBuildFile; fileRef = 35D4F8C022197A6500AD086A /* Question1.swift */; };
		35D4F8C322197C2600AD086A /* iOSLocks.swift in Sources */ = {isa = PBXBuildFile; fileRef = 35D4F8C222197C2600AD086A /* iOSLocks.swift */; };
		35D4F8C5221983E500AD086A /* ViewControllerLifeCycle.swift in Sources */ = {isa = PBXBuildFile; fileRef = 35D4F8C4221983E500AD086A /* ViewControllerLifeCycle.swift */; };
		7896D3A621EF335E0012018B /* ViewController.m in Sources */ = {isa = PBXBuildFile; fileRef = 7896D3A521EF335E0012018B /* ViewController.m */; };
		7896D3A921EF335E0012018B /* Main.storyboard in Resources */ = {isa = PBXBuildFile; fileRef = 7896D3A721EF335E0012018B /* Main.storyboard */; };
		7896D3AB21EF335E0012018B /* Assets.xcassets in Resources */ = {isa = PBXBuildFile; fileRef = 7896D3AA21EF335E0012018B /* Assets.xcassets */; };
		7896D3AE21EF335E0012018B /* LaunchScreen.storyboard in Resources */ = {isa = PBXBuildFile; fileRef = 7896D3AC21EF335E0012018B /* LaunchScreen.storyboard */; };
		7896D3B121EF335E0012018B /* main.m in Sources */ = {isa = PBXBuildFile; fileRef = 7896D3B021EF335E0012018B /* main.m */; };
		7896D3BB21EF335E0012018B /* AssembleTests.m in Sources */ = {isa = PBXBuildFile; fileRef = 7896D3BA21EF335E0012018B /* AssembleTests.m */; };
		7896D3C621EF335E0012018B /* AssembleUITests.m in Sources */ = {isa = PBXBuildFile; fileRef = 7896D3C521EF335E0012018B /* AssembleUITests.m */; };
		78B5AF0721F722230038B6E5 /* iOS.swift in Sources */ = {isa = PBXBuildFile; fileRef = 78B5AF0621F722230038B6E5 /* iOS.swift */; };
		B24487650467B2EA1259FE16 /* Pods_Assemble.framework in Frameworks */ = {isa = PBXBuildFile; fileRef = 10259D2AD8A1045A2E126728 /* Pods_Assemble.framework */; };
/* End PBXBuildFile section */

/* Begin PBXContainerItemProxy section */
		7896D3B721EF335E0012018B /* PBXContainerItemProxy */ = {
			isa = PBXContainerItemProxy;
			containerPortal = 7896D39621EF335E0012018B /* Project object */;
			proxyType = 1;
			remoteGlobalIDString = 7896D39D21EF335E0012018B;
			remoteInfo = Assemble;
		};
		7896D3C221EF335E0012018B /* PBXContainerItemProxy */ = {
			isa = PBXContainerItemProxy;
			containerPortal = 7896D39621EF335E0012018B /* Project object */;
			proxyType = 1;
			remoteGlobalIDString = 7896D39D21EF335E0012018B;
			remoteInfo = Assemble;
		};
/* End PBXContainerItemProxy section */

/* Begin PBXFileReference section */
		0425C86E2243658D00B4A549 /* RACDemoViewController.m */ = {isa = PBXFileReference; fileEncoding = 4; lastKnownFileType = sourcecode.c.objc; path = RACDemoViewController.m; sourceTree = "<group>"; };
		0425C86F2243658D00B4A549 /* RACDemoViewController.h */ = {isa = PBXFileReference; fileEncoding = 4; lastKnownFileType = sourcecode.c.h; path = RACDemoViewController.h; sourceTree = "<group>"; };
		0425C87422438C6400B4A549 /* PrefixHeader.pch */ = {isa = PBXFileReference; lastKnownFileType = sourcecode.c.h; path = PrefixHeader.pch; sourceTree = "<group>"; };
		10259D2AD8A1045A2E126728 /* Pods_Assemble.framework */ = {isa = PBXFileReference; explicitFileType = wrapper.framework; includeInIndex = 0; path = Pods_Assemble.framework; sourceTree = BUILT_PRODUCTS_DIR; };
		3570EF29222962B60094297A /* AppDelegate.h */ = {isa = PBXFileReference; fileEncoding = 4; lastKnownFileType = sourcecode.c.h; path = AppDelegate.h; sourceTree = "<group>"; };
		3570EF36222962B60094297A /* AppDelegate.m */ = {isa = PBXFileReference; fileEncoding = 4; lastKnownFileType = sourcecode.c.objc; path = AppDelegate.m; sourceTree = "<group>"; };
		35C5260C2229205600F3FF39 /* InAppPurchaseViewController.h */ = {isa = PBXFileReference; lastKnownFileType = sourcecode.c.h; path = InAppPurchaseViewController.h; sourceTree = "<group>"; };
		35C5260D2229205600F3FF39 /* InAppPurchaseViewController.m */ = {isa = PBXFileReference; lastKnownFileType = sourcecode.c.objc; path = InAppPurchaseViewController.m; sourceTree = "<group>"; };
		35C5260F2229208000F3FF39 /* IAPManager.h */ = {isa = PBXFileReference; lastKnownFileType = sourcecode.c.h; path = IAPManager.h; sourceTree = "<group>"; };
		35C526102229208000F3FF39 /* IAPManager.m */ = {isa = PBXFileReference; lastKnownFileType = sourcecode.c.objc; path = IAPManager.m; sourceTree = "<group>"; };
		35D4F8BC22195B4E00AD086A /* Skill.app */ = {isa = PBXFileReference; explicitFileType = wrapper.application; includeInIndex = 0; path = Skill.app; sourceTree = BUILT_PRODUCTS_DIR; };
		35D4F8BE2219758000AD086A /* Skill.swift */ = {isa = PBXFileReference; lastKnownFileType = sourcecode.swift; path = Skill.swift; sourceTree = "<group>"; };
		35D4F8C022197A6500AD086A /* Question1.swift */ = {isa = PBXFileReference; lastKnownFileType = sourcecode.swift; path = Question1.swift; sourceTree = "<group>"; };
		35D4F8C222197C2600AD086A /* iOSLocks.swift */ = {isa = PBXFileReference; lastKnownFileType = sourcecode.swift; path = iOSLocks.swift; sourceTree = "<group>"; };
		35D4F8C4221983E500AD086A /* ViewControllerLifeCycle.swift */ = {isa = PBXFileReference; lastKnownFileType = sourcecode.swift; path = ViewControllerLifeCycle.swift; sourceTree = "<group>"; };
		7896D39E21EF335E0012018B /* Assemble.app */ = {isa = PBXFileReference; explicitFileType = wrapper.application; includeInIndex = 0; path = Assemble.app; sourceTree = BUILT_PRODUCTS_DIR; };
		7896D3A421EF335E0012018B /* ViewController.h */ = {isa = PBXFileReference; lastKnownFileType = sourcecode.c.h; path = ViewController.h; sourceTree = "<group>"; };
		7896D3A521EF335E0012018B /* ViewController.m */ = {isa = PBXFileReference; lastKnownFileType = sourcecode.c.objc; path = ViewController.m; sourceTree = "<group>"; };
		7896D3A821EF335E0012018B /* Base */ = {isa = PBXFileReference; lastKnownFileType = file.storyboard; name = Base; path = Base.lproj/Main.storyboard; sourceTree = "<group>"; };
		7896D3AA21EF335E0012018B /* Assets.xcassets */ = {isa = PBXFileReference; lastKnownFileType = folder.assetcatalog; path = Assets.xcassets; sourceTree = "<group>"; };
		7896D3AD21EF335E0012018B /* Base */ = {isa = PBXFileReference; lastKnownFileType = file.storyboard; name = Base; path = Base.lproj/LaunchScreen.storyboard; sourceTree = "<group>"; };
		7896D3AF21EF335E0012018B /* Info.plist */ = {isa = PBXFileReference; lastKnownFileType = text.plist.xml; path = Info.plist; sourceTree = "<group>"; };
		7896D3B021EF335E0012018B /* main.m */ = {isa = PBXFileReference; lastKnownFileType = sourcecode.c.objc; path = main.m; sourceTree = "<group>"; };
		7896D3B621EF335E0012018B /* AssembleTests.xctest */ = {isa = PBXFileReference; explicitFileType = wrapper.cfbundle; includeInIndex = 0; path = AssembleTests.xctest; sourceTree = BUILT_PRODUCTS_DIR; };
		7896D3BA21EF335E0012018B /* AssembleTests.m */ = {isa = PBXFileReference; lastKnownFileType = sourcecode.c.objc; path = AssembleTests.m; sourceTree = "<group>"; };
		7896D3BC21EF335E0012018B /* Info.plist */ = {isa = PBXFileReference; lastKnownFileType = text.plist.xml; path = Info.plist; sourceTree = "<group>"; };
		7896D3C121EF335E0012018B /* AssembleUITests.xctest */ = {isa = PBXFileReference; explicitFileType = wrapper.cfbundle; includeInIndex = 0; path = AssembleUITests.xctest; sourceTree = BUILT_PRODUCTS_DIR; };
		7896D3C521EF335E0012018B /* AssembleUITests.m */ = {isa = PBXFileReference; lastKnownFileType = sourcecode.c.objc; path = AssembleUITests.m; sourceTree = "<group>"; };
		7896D3C721EF335E0012018B /* Info.plist */ = {isa = PBXFileReference; lastKnownFileType = text.plist.xml; path = Info.plist; sourceTree = "<group>"; };
		78B5AF0521F722230038B6E5 /* Assemble-Bridging-Header.h */ = {isa = PBXFileReference; lastKnownFileType = sourcecode.c.h; path = "Assemble-Bridging-Header.h"; sourceTree = "<group>"; };
		78B5AF0621F722230038B6E5 /* iOS.swift */ = {isa = PBXFileReference; lastKnownFileType = sourcecode.swift; path = iOS.swift; sourceTree = "<group>"; };
		BC335DDEE5E147A2D9070F77 /* Pods-Assemble.release.xcconfig */ = {isa = PBXFileReference; includeInIndex = 1; lastKnownFileType = text.xcconfig; name = "Pods-Assemble.release.xcconfig"; path = "Pods/Target Support Files/Pods-Assemble/Pods-Assemble.release.xcconfig"; sourceTree = "<group>"; };
		C5A07E874AFF60BCE414D680 /* Pods-Assemble.debug.xcconfig */ = {isa = PBXFileReference; includeInIndex = 1; lastKnownFileType = text.xcconfig; name = "Pods-Assemble.debug.xcconfig"; path = "Pods/Target Support Files/Pods-Assemble/Pods-Assemble.debug.xcconfig"; sourceTree = "<group>"; };
/* End PBXFileReference section */

/* Begin PBXFrameworksBuildPhase section */
		35D4F8B222195B4E00AD086A /* Frameworks */ = {
			isa = PBXFrameworksBuildPhase;
			buildActionMask = 2147483647;
			files = (
			);
			runOnlyForDeploymentPostprocessing = 0;
		};
		7896D39B21EF335E0012018B /* Frameworks */ = {
			isa = PBXFrameworksBuildPhase;
			buildActionMask = 2147483647;
			files = (
				B24487650467B2EA1259FE16 /* Pods_Assemble.framework in Frameworks */,
			);
			runOnlyForDeploymentPostprocessing = 0;
		};
		7896D3B321EF335E0012018B /* Frameworks */ = {
			isa = PBXFrameworksBuildPhase;
			buildActionMask = 2147483647;
			files = (
			);
			runOnlyForDeploymentPostprocessing = 0;
		};
		7896D3BE21EF335E0012018B /* Frameworks */ = {
			isa = PBXFrameworksBuildPhase;
			buildActionMask = 2147483647;
			files = (
			);
			runOnlyForDeploymentPostprocessing = 0;
		};
/* End PBXFrameworksBuildPhase section */

/* Begin PBXGroup section */
		4D723A4D2CBFFB7F97951BA4 /* Frameworks */ = {
			isa = PBXGroup;
			children = (
				10259D2AD8A1045A2E126728 /* Pods_Assemble.framework */,
			);
			name = Frameworks;
			sourceTree = "<group>";
		};
		7896D39521EF335E0012018B = {
			isa = PBXGroup;
			children = (
				7896D3A021EF335E0012018B /* Assemble */,
				7896D3B921EF335E0012018B /* AssembleTests */,
				7896D3C421EF335E0012018B /* AssembleUITests */,
				7896D39F21EF335E0012018B /* Products */,
				D073E5A8C5964F22D7BFF4CB /* Pods */,
				4D723A4D2CBFFB7F97951BA4 /* Frameworks */,
			);
			sourceTree = "<group>";
		};
		7896D39F21EF335E0012018B /* Products */ = {
			isa = PBXGroup;
			children = (
				7896D39E21EF335E0012018B /* Assemble.app */,
				7896D3B621EF335E0012018B /* AssembleTests.xctest */,
				7896D3C121EF335E0012018B /* AssembleUITests.xctest */,
				35D4F8BC22195B4E00AD086A /* Skill.app */,
			);
			name = Products;
			sourceTree = "<group>";
		};
		7896D3A021EF335E0012018B /* Assemble */ = {
			isa = PBXGroup;
			children = (
				3570EF29222962B60094297A /* AppDelegate.h */,
				3570EF36222962B60094297A /* AppDelegate.m */,
				7896D3A421EF335E0012018B /* ViewController.h */,
				7896D3A521EF335E0012018B /* ViewController.m */,
				0425C86F2243658D00B4A549 /* RACDemoViewController.h */,
				0425C86E2243658D00B4A549 /* RACDemoViewController.m */,
				35C5260C2229205600F3FF39 /* InAppPurchaseViewController.h */,
				35C5260D2229205600F3FF39 /* InAppPurchaseViewController.m */,
				35C5260F2229208000F3FF39 /* IAPManager.h */,
				35C526102229208000F3FF39 /* IAPManager.m */,
				78B5AF0621F722230038B6E5 /* iOS.swift */,
				35D4F8BE2219758000AD086A /* Skill.swift */,
				35D4F8C022197A6500AD086A /* Question1.swift */,
				35D4F8C222197C2600AD086A /* iOSLocks.swift */,
				35D4F8C4221983E500AD086A /* ViewControllerLifeCycle.swift */,
				7896D3A721EF335E0012018B /* Main.storyboard */,
				7896D3AA21EF335E0012018B /* Assets.xcassets */,
				7896D3AC21EF335E0012018B /* LaunchScreen.storyboard */,
				7896D3AF21EF335E0012018B /* Info.plist */,
				7896D3B021EF335E0012018B /* main.m */,
				0425C87422438C6400B4A549 /* PrefixHeader.pch */,
				78B5AF0521F722230038B6E5 /* Assemble-Bridging-Header.h */,
			);
			path = Assemble;
			sourceTree = "<group>";
		};
		7896D3B921EF335E0012018B /* AssembleTests */ = {
			isa = PBXGroup;
			children = (
				7896D3BA21EF335E0012018B /* AssembleTests.m */,
				7896D3BC21EF335E0012018B /* Info.plist */,
			);
			path = AssembleTests;
			sourceTree = "<group>";
		};
		7896D3C421EF335E0012018B /* AssembleUITests */ = {
			isa = PBXGroup;
			children = (
				7896D3C521EF335E0012018B /* AssembleUITests.m */,
				7896D3C721EF335E0012018B /* Info.plist */,
			);
			path = AssembleUITests;
			sourceTree = "<group>";
		};
		D073E5A8C5964F22D7BFF4CB /* Pods */ = {
			isa = PBXGroup;
			children = (
				C5A07E874AFF60BCE414D680 /* Pods-Assemble.debug.xcconfig */,
				BC335DDEE5E147A2D9070F77 /* Pods-Assemble.release.xcconfig */,
			);
			name = Pods;
			sourceTree = "<group>";
		};
/* End PBXGroup section */

/* Begin PBXNativeTarget section */
		35D4F8AB22195B4E00AD086A /* Skill */ = {
			isa = PBXNativeTarget;
			buildConfigurationList = 35D4F8B922195B4E00AD086A /* Build configuration list for PBXNativeTarget "Skill" */;
			buildPhases = (
				35D4F8AD22195B4E00AD086A /* Sources */,
				35D4F8B222195B4E00AD086A /* Frameworks */,
				35D4F8B422195B4E00AD086A /* Resources */,
			);
			buildRules = (
			);
			dependencies = (
			);
			name = Skill;
			productName = Assemble;
			productReference = 35D4F8BC22195B4E00AD086A /* Skill.app */;
			productType = "com.apple.product-type.application";
		};
		7896D39D21EF335E0012018B /* Assemble */ = {
			isa = PBXNativeTarget;
			buildConfigurationList = 7896D3CA21EF335E0012018B /* Build configuration list for PBXNativeTarget "Assemble" */;
			buildPhases = (
				C13D4BB3BA1BC1311283BAB8 /* [CP] Check Pods Manifest.lock */,
				7896D39A21EF335E0012018B /* Sources */,
				7896D39B21EF335E0012018B /* Frameworks */,
				7896D39C21EF335E0012018B /* Resources */,
				15D55D0469EF2D647E0132D4 /* [CP] Embed Pods Frameworks */,
			);
			buildRules = (
			);
			dependencies = (
			);
			name = Assemble;
			productName = Assemble;
			productReference = 7896D39E21EF335E0012018B /* Assemble.app */;
			productType = "com.apple.product-type.application";
		};
		7896D3B521EF335E0012018B /* AssembleTests */ = {
			isa = PBXNativeTarget;
			buildConfigurationList = 7896D3CD21EF335E0012018B /* Build configuration list for PBXNativeTarget "AssembleTests" */;
			buildPhases = (
				7896D3B221EF335E0012018B /* Sources */,
				7896D3B321EF335E0012018B /* Frameworks */,
				7896D3B421EF335E0012018B /* Resources */,
			);
			buildRules = (
			);
			dependencies = (
				7896D3B821EF335E0012018B /* PBXTargetDependency */,
			);
			name = AssembleTests;
			productName = AssembleTests;
			productReference = 7896D3B621EF335E0012018B /* AssembleTests.xctest */;
			productType = "com.apple.product-type.bundle.unit-test";
		};
		7896D3C021EF335E0012018B /* AssembleUITests */ = {
			isa = PBXNativeTarget;
			buildConfigurationList = 7896D3D021EF335E0012018B /* Build configuration list for PBXNativeTarget "AssembleUITests" */;
			buildPhases = (
				7896D3BD21EF335E0012018B /* Sources */,
				7896D3BE21EF335E0012018B /* Frameworks */,
				7896D3BF21EF335E0012018B /* Resources */,
			);
			buildRules = (
			);
			dependencies = (
				7896D3C321EF335E0012018B /* PBXTargetDependency */,
			);
			name = AssembleUITests;
			productName = AssembleUITests;
			productReference = 7896D3C121EF335E0012018B /* AssembleUITests.xctest */;
			productType = "com.apple.product-type.bundle.ui-testing";
		};
/* End PBXNativeTarget section */

/* Begin PBXProject section */
		7896D39621EF335E0012018B /* Project object */ = {
			isa = PBXProject;
			attributes = {
				LastUpgradeCheck = 1010;
				ORGANIZATIONNAME = TimeForest;
				TargetAttributes = {
					7896D39D21EF335E0012018B = {
						CreatedOnToolsVersion = 10.1;
						LastSwiftMigration = 1010;
					};
					7896D3B521EF335E0012018B = {
						CreatedOnToolsVersion = 10.1;
						TestTargetID = 7896D39D21EF335E0012018B;
					};
					7896D3C021EF335E0012018B = {
						CreatedOnToolsVersion = 10.1;
						TestTargetID = 7896D39D21EF335E0012018B;
					};
				};
			};
			buildConfigurationList = 7896D39921EF335E0012018B /* Build configuration list for PBXProject "Assemble" */;
			compatibilityVersion = "Xcode 9.3";
			developmentRegion = en;
			hasScannedForEncodings = 0;
			knownRegions = (
				en,
				Base,
			);
			mainGroup = 7896D39521EF335E0012018B;
			productRefGroup = 7896D39F21EF335E0012018B /* Products */;
			projectDirPath = "";
			projectRoot = "";
			targets = (
				7896D39D21EF335E0012018B /* Assemble */,
				7896D3B521EF335E0012018B /* AssembleTests */,
				7896D3C021EF335E0012018B /* AssembleUITests */,
				35D4F8AB22195B4E00AD086A /* Skill */,
			);
		};
/* End PBXProject section */

/* Begin PBXResourcesBuildPhase section */
		35D4F8B422195B4E00AD086A /* Resources */ = {
			isa = PBXResourcesBuildPhase;
			buildActionMask = 2147483647;
			files = (
				35D4F8B522195B4E00AD086A /* LaunchScreen.storyboard in Resources */,
				35D4F8B622195B4E00AD086A /* Assets.xcassets in Resources */,
				35D4F8B722195B4E00AD086A /* Main.storyboard in Resources */,
			);
			runOnlyForDeploymentPostprocessing = 0;
		};
		7896D39C21EF335E0012018B /* Resources */ = {
			isa = PBXResourcesBuildPhase;
			buildActionMask = 2147483647;
			files = (
				7896D3AE21EF335E0012018B /* LaunchScreen.storyboard in Resources */,
				7896D3AB21EF335E0012018B /* Assets.xcassets in Resources */,
				7896D3A921EF335E0012018B /* Main.storyboard in Resources */,
			);
			runOnlyForDeploymentPostprocessing = 0;
		};
		7896D3B421EF335E0012018B /* Resources */ = {
			isa = PBXResourcesBuildPhase;
			buildActionMask = 2147483647;
			files = (
			);
			runOnlyForDeploymentPostprocessing = 0;
		};
		7896D3BF21EF335E0012018B /* Resources */ = {
			isa = PBXResourcesBuildPhase;
			buildActionMask = 2147483647;
			files = (
			);
			runOnlyForDeploymentPostprocessing = 0;
		};
/* End PBXResourcesBuildPhase section */

/* Begin PBXShellScriptBuildPhase section */
		15D55D0469EF2D647E0132D4 /* [CP] Embed Pods Frameworks */ = {
			isa = PBXShellScriptBuildPhase;
			buildActionMask = 2147483647;
			files = (
			);
			inputFileListPaths = (
			);
			inputPaths = (
				"${PODS_ROOT}/Target Support Files/Pods-Assemble/Pods-Assemble-frameworks.sh",
				"${BUILT_PRODUCTS_DIR}/AFNetworking/AFNetworking.framework",
				"${BUILT_PRODUCTS_DIR}/CocoaAsyncSocket/CocoaAsyncSocket.framework",
				"${BUILT_PRODUCTS_DIR}/FBAllocationTracker/FBAllocationTracker.framework",
				"${BUILT_PRODUCTS_DIR}/FBMemoryProfiler/FBMemoryProfiler.framework",
				"${BUILT_PRODUCTS_DIR}/FBRetainCycleDetector/FBRetainCycleDetector.framework",
				"${BUILT_PRODUCTS_DIR}/FMDB/FMDB.framework",
				"${BUILT_PRODUCTS_DIR}/KVOController/KVOController.framework",
				"${BUILT_PRODUCTS_DIR}/MBProgressHUD/MBProgressHUD.framework",
				"${BUILT_PRODUCTS_DIR}/MJExtension/MJExtension.framework",
				"${BUILT_PRODUCTS_DIR}/MJRefresh/MJRefresh.framework",
				"${BUILT_PRODUCTS_DIR}/Masonry/Masonry.framework",
				"${BUILT_PRODUCTS_DIR}/ReactiveObjC/ReactiveObjC.framework",
				"${BUILT_PRODUCTS_DIR}/RxAtomic/RxAtomic.framework",
				"${BUILT_PRODUCTS_DIR}/RxSwift/RxSwift.framework",
				"${BUILT_PRODUCTS_DIR}/SDWebImage/SDWebImage.framework",
				"${BUILT_PRODUCTS_DIR}/SnapKit/SnapKit.framework",
				"${BUILT_PRODUCTS_DIR}/XLsn0wKit_objc/XLsn0wKit_objc.framework",
				"${BUILT_PRODUCTS_DIR}/YYModel/YYModel.framework",
				"${BUILT_PRODUCTS_DIR}/YYText/YYText.framework",
			);
			name = "[CP] Embed Pods Frameworks";
			outputFileListPaths = (
			);
			outputPaths = (
				"${TARGET_BUILD_DIR}/${FRAMEWORKS_FOLDER_PATH}/AFNetworking.framework",
				"${TARGET_BUILD_DIR}/${FRAMEWORKS_FOLDER_PATH}/CocoaAsyncSocket.framework",
				"${TARGET_BUILD_DIR}/${FRAMEWORKS_FOLDER_PATH}/FBAllocationTracker.framework",
				"${TARGET_BUILD_DIR}/${FRAMEWORKS_FOLDER_PATH}/FBMemoryProfiler.framework",
				"${TARGET_BUILD_DIR}/${FRAMEWORKS_FOLDER_PATH}/FBRetainCycleDetector.framework",
				"${TARGET_BUILD_DIR}/${FRAMEWORKS_FOLDER_PATH}/FMDB.framework",
				"${TARGET_BUILD_DIR}/${FRAMEWORKS_FOLDER_PATH}/KVOController.framework",
				"${TARGET_BUILD_DIR}/${FRAMEWORKS_FOLDER_PATH}/MBProgressHUD.framework",
				"${TARGET_BUILD_DIR}/${FRAMEWORKS_FOLDER_PATH}/MJExtension.framework",
				"${TARGET_BUILD_DIR}/${FRAMEWORKS_FOLDER_PATH}/MJRefresh.framework",
				"${TARGET_BUILD_DIR}/${FRAMEWORKS_FOLDER_PATH}/Masonry.framework",
				"${TARGET_BUILD_DIR}/${FRAMEWORKS_FOLDER_PATH}/ReactiveObjC.framework",
				"${TARGET_BUILD_DIR}/${FRAMEWORKS_FOLDER_PATH}/RxAtomic.framework",
				"${TARGET_BUILD_DIR}/${FRAMEWORKS_FOLDER_PATH}/RxSwift.framework",
				"${TARGET_BUILD_DIR}/${FRAMEWORKS_FOLDER_PATH}/SDWebImage.framework",
				"${TARGET_BUILD_DIR}/${FRAMEWORKS_FOLDER_PATH}/SnapKit.framework",
				"${TARGET_BUILD_DIR}/${FRAMEWORKS_FOLDER_PATH}/XLsn0wKit_objc.framework",
				"${TARGET_BUILD_DIR}/${FRAMEWORKS_FOLDER_PATH}/YYModel.framework",
				"${TARGET_BUILD_DIR}/${FRAMEWORKS_FOLDER_PATH}/YYText.framework",
			);
			runOnlyForDeploymentPostprocessing = 0;
			shellPath = /bin/sh;
			shellScript = "\"${PODS_ROOT}/Target Support Files/Pods-Assemble/Pods-Assemble-frameworks.sh\"\n";
			showEnvVarsInLog = 0;
		};
		C13D4BB3BA1BC1311283BAB8 /* [CP] Check Pods Manifest.lock */ = {
			isa = PBXShellScriptBuildPhase;
			buildActionMask = 2147483647;
			files = (
			);
			inputFileListPaths = (
			);
			inputPaths = (
				"${PODS_PODFILE_DIR_PATH}/Podfile.lock",
				"${PODS_ROOT}/Manifest.lock",
			);
			name = "[CP] Check Pods Manifest.lock";
			outputFileListPaths = (
			);
			outputPaths = (
				"$(DERIVED_FILE_DIR)/Pods-Assemble-checkManifestLockResult.txt",
			);
			runOnlyForDeploymentPostprocessing = 0;
			shellPath = /bin/sh;
			shellScript = "diff \"${PODS_PODFILE_DIR_PATH}/Podfile.lock\" \"${PODS_ROOT}/Manifest.lock\" > /dev/null\nif [ $? != 0 ] ; then\n    # print error to STDERR\n    echo \"error: The sandbox is not in sync with the Podfile.lock. Run 'pod install' or update your CocoaPods installation.\" >&2\n    exit 1\nfi\n# This output is used by Xcode 'outputs' to avoid re-running this script phase.\necho \"SUCCESS\" > \"${SCRIPT_OUTPUT_FILE_0}\"\n";
			showEnvVarsInLog = 0;
		};
/* End PBXShellScriptBuildPhase section */

/* Begin PBXSourcesBuildPhase section */
		35D4F8AD22195B4E00AD086A /* Sources */ = {
			isa = PBXSourcesBuildPhase;
			buildActionMask = 2147483647;
			files = (
				35D4F8AE22195B4E00AD086A /* ViewController.m in Sources */,
				35D4F8AF22195B4E00AD086A /* main.m in Sources */,
				35D4F8BF2219758000AD086A /* Skill.swift in Sources */,
				35D4F8B122195B4E00AD086A /* iOS.swift in Sources */,
			);
			runOnlyForDeploymentPostprocessing = 0;
		};
		7896D39A21EF335E0012018B /* Sources */ = {
			isa = PBXSourcesBuildPhase;
			buildActionMask = 2147483647;
			files = (
				0425C8702243658D00B4A549 /* RACDemoViewController.m in Sources */,
				35C526112229208000F3FF39 /* IAPManager.m in Sources */,
				7896D3A621EF335E0012018B /* ViewController.m in Sources */,
				35D4F8C122197A6500AD086A /* Question1.swift in Sources */,
				7896D3B121EF335E0012018B /* main.m in Sources */,
				35D4F8C5221983E500AD086A /* ViewControllerLifeCycle.swift in Sources */,
				35C5260E2229205600F3FF39 /* InAppPurchaseViewController.m in Sources */,
				35D4F8C322197C2600AD086A /* iOSLocks.swift in Sources */,
				78B5AF0721F722230038B6E5 /* iOS.swift in Sources */,
				3570EF42222962B60094297A /* AppDelegate.m in Sources */,
			);
			runOnlyForDeploymentPostprocessing = 0;
		};
		7896D3B221EF335E0012018B /* Sources */ = {
			isa = PBXSourcesBuildPhase;
			buildActionMask = 2147483647;
			files = (
				7896D3BB21EF335E0012018B /* AssembleTests.m in Sources */,
			);
			runOnlyForDeploymentPostprocessing = 0;
		};
		7896D3BD21EF335E0012018B /* Sources */ = {
			isa = PBXSourcesBuildPhase;
			buildActionMask = 2147483647;
			files = (
				7896D3C621EF335E0012018B /* AssembleUITests.m in Sources */,
			);
			runOnlyForDeploymentPostprocessing = 0;
		};
/* End PBXSourcesBuildPhase section */

/* Begin PBXTargetDependency section */
		7896D3B821EF335E0012018B /* PBXTargetDependency */ = {
			isa = PBXTargetDependency;
			target = 7896D39D21EF335E0012018B /* Assemble */;
			targetProxy = 7896D3B721EF335E0012018B /* PBXContainerItemProxy */;
		};
		7896D3C321EF335E0012018B /* PBXTargetDependency */ = {
			isa = PBXTargetDependency;
			target = 7896D39D21EF335E0012018B /* Assemble */;
			targetProxy = 7896D3C221EF335E0012018B /* PBXContainerItemProxy */;
		};
/* End PBXTargetDependency section */

/* Begin PBXVariantGroup section */
		7896D3A721EF335E0012018B /* Main.storyboard */ = {
			isa = PBXVariantGroup;
			children = (
				7896D3A821EF335E0012018B /* Base */,
			);
			name = Main.storyboard;
			sourceTree = "<group>";
		};
		7896D3AC21EF335E0012018B /* LaunchScreen.storyboard */ = {
			isa = PBXVariantGroup;
			children = (
				7896D3AD21EF335E0012018B /* Base */,
			);
			name = LaunchScreen.storyboard;
			sourceTree = "<group>";
		};
/* End PBXVariantGroup section */

/* Begin XCBuildConfiguration section */
		35D4F8BA22195B4E00AD086A /* Debug */ = {
			isa = XCBuildConfiguration;
			buildSettings = {
				ASSETCATALOG_COMPILER_APPICON_NAME = AppIcon;
				CLANG_ENABLE_MODULES = YES;
				CODE_SIGN_STYLE = Automatic;
				INFOPLIST_FILE = "$(SRCROOT)/Skill-Info.plist";
				LD_RUNPATH_SEARCH_PATHS = (
					"$(inherited)",
					"@executable_path/Frameworks",
				);
				PRODUCT_BUNDLE_IDENTIFIER = com.timeforest.Assemble;
				PRODUCT_NAME = "$(TARGET_NAME)";
				SWIFT_OBJC_BRIDGING_HEADER = "Assemble/Assemble-Bridging-Header.h";
				SWIFT_OPTIMIZATION_LEVEL = "-Onone";
				SWIFT_VERSION = 4.2;
				TARGETED_DEVICE_FAMILY = "1,2";
			};
			name = Debug;
		};
		35D4F8BB22195B4E00AD086A /* Release */ = {
			isa = XCBuildConfiguration;
			buildSettings = {
				ASSETCATALOG_COMPILER_APPICON_NAME = AppIcon;
				CLANG_ENABLE_MODULES = YES;
				CODE_SIGN_STYLE = Automatic;
				INFOPLIST_FILE = "$(SRCROOT)/Skill-Info.plist";
				LD_RUNPATH_SEARCH_PATHS = (
					"$(inherited)",
					"@executable_path/Frameworks",
				);
				PRODUCT_BUNDLE_IDENTIFIER = com.timeforest.Assemble;
				PRODUCT_NAME = "$(TARGET_NAME)";
				SWIFT_OBJC_BRIDGING_HEADER = "Assemble/Assemble-Bridging-Header.h";
				SWIFT_VERSION = 4.2;
				TARGETED_DEVICE_FAMILY = "1,2";
			};
			name = Release;
		};
		7896D3C821EF335E0012018B /* Debug */ = {
			isa = XCBuildConfiguration;
			buildSettings = {
				ALWAYS_SEARCH_USER_PATHS = NO;
				CLANG_ANALYZER_NONNULL = YES;
				CLANG_ANALYZER_NUMBER_OBJECT_CONVERSION = YES_AGGRESSIVE;
				CLANG_CXX_LANGUAGE_STANDARD = "gnu++14";
				CLANG_CXX_LIBRARY = "libc++";
				CLANG_ENABLE_MODULES = YES;
				CLANG_ENABLE_OBJC_ARC = YES;
				CLANG_ENABLE_OBJC_WEAK = YES;
				CLANG_WARN_BLOCK_CAPTURE_AUTORELEASING = YES;
				CLANG_WARN_BOOL_CONVERSION = YES;
				CLANG_WARN_COMMA = YES;
				CLANG_WARN_CONSTANT_CONVERSION = YES;
				CLANG_WARN_DEPRECATED_OBJC_IMPLEMENTATIONS = YES;
				CLANG_WARN_DIRECT_OBJC_ISA_USAGE = YES_ERROR;
				CLANG_WARN_DOCUMENTATION_COMMENTS = YES;
				CLANG_WARN_EMPTY_BODY = YES;
				CLANG_WARN_ENUM_CONVERSION = YES;
				CLANG_WARN_INFINITE_RECURSION = YES;
				CLANG_WARN_INT_CONVERSION = YES;
				CLANG_WARN_NON_LITERAL_NULL_CONVERSION = YES;
				CLANG_WARN_OBJC_IMPLICIT_RETAIN_SELF = YES;
				CLANG_WARN_OBJC_LITERAL_CONVERSION = YES;
				CLANG_WARN_OBJC_ROOT_CLASS = YES_ERROR;
				CLANG_WARN_RANGE_LOOP_ANALYSIS = YES;
				CLANG_WARN_STRICT_PROTOTYPES = YES;
				CLANG_WARN_SUSPICIOUS_MOVE = YES;
				CLANG_WARN_UNGUARDED_AVAILABILITY = YES_AGGRESSIVE;
				CLANG_WARN_UNREACHABLE_CODE = YES;
				CLANG_WARN__DUPLICATE_METHOD_MATCH = YES;
				CODE_SIGN_IDENTITY = "iPhone Developer";
				COPY_PHASE_STRIP = NO;
				DEBUG_INFORMATION_FORMAT = dwarf;
				ENABLE_STRICT_OBJC_MSGSEND = YES;
				ENABLE_TESTABILITY = YES;
				GCC_C_LANGUAGE_STANDARD = gnu11;
				GCC_DYNAMIC_NO_PIC = NO;
				GCC_NO_COMMON_BLOCKS = YES;
				GCC_OPTIMIZATION_LEVEL = 0;
				GCC_PREPROCESSOR_DEFINITIONS = (
					"DEBUG=1",
					"$(inherited)",
				);
				GCC_WARN_64_TO_32_BIT_CONVERSION = YES;
				GCC_WARN_ABOUT_RETURN_TYPE = YES_ERROR;
				GCC_WARN_UNDECLARED_SELECTOR = YES;
				GCC_WARN_UNINITIALIZED_AUTOS = YES_AGGRESSIVE;
				GCC_WARN_UNUSED_FUNCTION = YES;
				GCC_WARN_UNUSED_VARIABLE = YES;
				IPHONEOS_DEPLOYMENT_TARGET = 12.1;
				MTL_ENABLE_DEBUG_INFO = INCLUDE_SOURCE;
				MTL_FAST_MATH = YES;
				ONLY_ACTIVE_ARCH = YES;
				SDKROOT = iphoneos;
			};
			name = Debug;
		};
		7896D3C921EF335E0012018B /* Release */ = {
			isa = XCBuildConfiguration;
			buildSettings = {
				ALWAYS_SEARCH_USER_PATHS = NO;
				CLANG_ANALYZER_NONNULL = YES;
				CLANG_ANALYZER_NUMBER_OBJECT_CONVERSION = YES_AGGRESSIVE;
				CLANG_CXX_LANGUAGE_STANDARD = "gnu++14";
				CLANG_CXX_LIBRARY = "libc++";
				CLANG_ENABLE_MODULES = YES;
				CLANG_ENABLE_OBJC_ARC = YES;
				CLANG_ENABLE_OBJC_WEAK = YES;
				CLANG_WARN_BLOCK_CAPTURE_AUTORELEASING = YES;
				CLANG_WARN_BOOL_CONVERSION = YES;
				CLANG_WARN_COMMA = YES;
				CLANG_WARN_CONSTANT_CONVERSION = YES;
				CLANG_WARN_DEPRECATED_OBJC_IMPLEMENTATIONS = YES;
				CLANG_WARN_DIRECT_OBJC_ISA_USAGE = YES_ERROR;
				CLANG_WARN_DOCUMENTATION_COMMENTS = YES;
				CLANG_WARN_EMPTY_BODY = YES;
				CLANG_WARN_ENUM_CONVERSION = YES;
				CLANG_WARN_INFINITE_RECURSION = YES;
				CLANG_WARN_INT_CONVERSION = YES;
				CLANG_WARN_NON_LITERAL_NULL_CONVERSION = YES;
				CLANG_WARN_OBJC_IMPLICIT_RETAIN_SELF = YES;
				CLANG_WARN_OBJC_LITERAL_CONVERSION = YES;
				CLANG_WARN_OBJC_ROOT_CLASS = YES_ERROR;
				CLANG_WARN_RANGE_LOOP_ANALYSIS = YES;
				CLANG_WARN_STRICT_PROTOTYPES = YES;
				CLANG_WARN_SUSPICIOUS_MOVE = YES;
				CLANG_WARN_UNGUARDED_AVAILABILITY = YES_AGGRESSIVE;
				CLANG_WARN_UNREACHABLE_CODE = YES;
				CLANG_WARN__DUPLICATE_METHOD_MATCH = YES;
				CODE_SIGN_IDENTITY = "iPhone Developer";
				COPY_PHASE_STRIP = NO;
				DEBUG_INFORMATION_FORMAT = "dwarf-with-dsym";
				ENABLE_NS_ASSERTIONS = NO;
				ENABLE_STRICT_OBJC_MSGSEND = YES;
				GCC_C_LANGUAGE_STANDARD = gnu11;
				GCC_NO_COMMON_BLOCKS = YES;
				GCC_WARN_64_TO_32_BIT_CONVERSION = YES;
				GCC_WARN_ABOUT_RETURN_TYPE = YES_ERROR;
				GCC_WARN_UNDECLARED_SELECTOR = YES;
				GCC_WARN_UNINITIALIZED_AUTOS = YES_AGGRESSIVE;
				GCC_WARN_UNUSED_FUNCTION = YES;
				GCC_WARN_UNUSED_VARIABLE = YES;
				IPHONEOS_DEPLOYMENT_TARGET = 12.1;
				MTL_ENABLE_DEBUG_INFO = NO;
				MTL_FAST_MATH = YES;
				SDKROOT = iphoneos;
				VALIDATE_PRODUCT = YES;
			};
			name = Release;
		};
		7896D3CB21EF335E0012018B /* Debug */ = {
			isa = XCBuildConfiguration;
			baseConfigurationReference = C5A07E874AFF60BCE414D680 /* Pods-Assemble.debug.xcconfig */;
			buildSettings = {
				ASSETCATALOG_COMPILER_APPICON_NAME = AppIcon;
				CLANG_ENABLE_MODULES = YES;
				CODE_SIGN_STYLE = Automatic;
				GCC_PREFIX_HEADER = Assemble/PrefixHeader.pch;
				INFOPLIST_FILE = Assemble/Info.plist;
				LD_RUNPATH_SEARCH_PATHS = (
					"$(inherited)",
					"@executable_path/Frameworks",
				);
				PRODUCT_BUNDLE_IDENTIFIER = com.timeforest.Assemble;
				PRODUCT_NAME = "$(TARGET_NAME)";
				SWIFT_OBJC_BRIDGING_HEADER = "Assemble/Assemble-Bridging-Header.h";
				SWIFT_OPTIMIZATION_LEVEL = "-Onone";
				SWIFT_VERSION = 4.2;
				TARGETED_DEVICE_FAMILY = "1,2";
			};
			name = Debug;
		};
		7896D3CC21EF335E0012018B /* Release */ = {
			isa = XCBuildConfiguration;
			baseConfigurationReference = BC335DDEE5E147A2D9070F77 /* Pods-Assemble.release.xcconfig */;
			buildSettings = {
				ASSETCATALOG_COMPILER_APPICON_NAME = AppIcon;
				CLANG_ENABLE_MODULES = YES;
				CODE_SIGN_STYLE = Automatic;
				GCC_PREFIX_HEADER = Assemble/PrefixHeader.pch;
				INFOPLIST_FILE = Assemble/Info.plist;
				LD_RUNPATH_SEARCH_PATHS = (
					"$(inherited)",
					"@executable_path/Frameworks",
				);
				PRODUCT_BUNDLE_IDENTIFIER = com.timeforest.Assemble;
				PRODUCT_NAME = "$(TARGET_NAME)";
				SWIFT_OBJC_BRIDGING_HEADER = "Assemble/Assemble-Bridging-Header.h";
				SWIFT_VERSION = 4.2;
				TARGETED_DEVICE_FAMILY = "1,2";
			};
			name = Release;
		};
		7896D3CE21EF335E0012018B /* Debug */ = {
			isa = XCBuildConfiguration;
			buildSettings = {
				ALWAYS_EMBED_SWIFT_STANDARD_LIBRARIES = YES;
				BUNDLE_LOADER = "$(TEST_HOST)";
				CODE_SIGN_STYLE = Automatic;
				INFOPLIST_FILE = AssembleTests/Info.plist;
				LD_RUNPATH_SEARCH_PATHS = (
					"$(inherited)",
					"@executable_path/Frameworks",
					"@loader_path/Frameworks",
				);
				PRODUCT_BUNDLE_IDENTIFIER = com.timeforest.AssembleTests;
				PRODUCT_NAME = "$(TARGET_NAME)";
				TARGETED_DEVICE_FAMILY = "1,2";
				TEST_HOST = "$(BUILT_PRODUCTS_DIR)/Assemble.app/Assemble";
			};
			name = Debug;
		};
		7896D3CF21EF335E0012018B /* Release */ = {
			isa = XCBuildConfiguration;
			buildSettings = {
				ALWAYS_EMBED_SWIFT_STANDARD_LIBRARIES = YES;
				BUNDLE_LOADER = "$(TEST_HOST)";
				CODE_SIGN_STYLE = Automatic;
				INFOPLIST_FILE = AssembleTests/Info.plist;
				LD_RUNPATH_SEARCH_PATHS = (
					"$(inherited)",
					"@executable_path/Frameworks",
					"@loader_path/Frameworks",
				);
				PRODUCT_BUNDLE_IDENTIFIER = com.timeforest.AssembleTests;
				PRODUCT_NAME = "$(TARGET_NAME)";
				TARGETED_DEVICE_FAMILY = "1,2";
				TEST_HOST = "$(BUILT_PRODUCTS_DIR)/Assemble.app/Assemble";
			};
			name = Release;
		};
		7896D3D121EF335E0012018B /* Debug */ = {
			isa = XCBuildConfiguration;
			buildSettings = {
				ALWAYS_EMBED_SWIFT_STANDARD_LIBRARIES = YES;
				CODE_SIGN_STYLE = Automatic;
				INFOPLIST_FILE = AssembleUITests/Info.plist;
				LD_RUNPATH_SEARCH_PATHS = (
					"$(inherited)",
					"@executable_path/Frameworks",
					"@loader_path/Frameworks",
				);
				PRODUCT_BUNDLE_IDENTIFIER = com.timeforest.AssembleUITests;
				PRODUCT_NAME = "$(TARGET_NAME)";
				TARGETED_DEVICE_FAMILY = "1,2";
				TEST_TARGET_NAME = Assemble;
			};
			name = Debug;
		};
		7896D3D221EF335E0012018B /* Release */ = {
			isa = XCBuildConfiguration;
			buildSettings = {
				ALWAYS_EMBED_SWIFT_STANDARD_LIBRARIES = YES;
				CODE_SIGN_STYLE = Automatic;
				INFOPLIST_FILE = AssembleUITests/Info.plist;
				LD_RUNPATH_SEARCH_PATHS = (
					"$(inherited)",
					"@executable_path/Frameworks",
					"@loader_path/Frameworks",
				);
				PRODUCT_BUNDLE_IDENTIFIER = com.timeforest.AssembleUITests;
				PRODUCT_NAME = "$(TARGET_NAME)";
				TARGETED_DEVICE_FAMILY = "1,2";
				TEST_TARGET_NAME = Assemble;
			};
			name = Release;
		};
/* End XCBuildConfiguration section */

/* Begin XCConfigurationList section */
		35D4F8B922195B4E00AD086A /* Build configuration list for PBXNativeTarget "Skill" */ = {
			isa = XCConfigurationList;
			buildConfigurations = (
				35D4F8BA22195B4E00AD086A /* Debug */,
				35D4F8BB22195B4E00AD086A /* Release */,
			);
			defaultConfigurationIsVisible = 0;
			defaultConfigurationName = Release;
		};
		7896D39921EF335E0012018B /* Build configuration list for PBXProject "Assemble" */ = {
			isa = XCConfigurationList;
			buildConfigurations = (
				7896D3C821EF335E0012018B /* Debug */,
				7896D3C921EF335E0012018B /* Release */,
			);
			defaultConfigurationIsVisible = 0;
			defaultConfigurationName = Release;
		};
		7896D3CA21EF335E0012018B /* Build configuration list for PBXNativeTarget "Assemble" */ = {
			isa = XCConfigurationList;
			buildConfigurations = (
				7896D3CB21EF335E0012018B /* Debug */,
				7896D3CC21EF335E0012018B /* Release */,
			);
			defaultConfigurationIsVisible = 0;
			defaultConfigurationName = Release;
		};
		7896D3CD21EF335E0012018B /* Build configuration list for PBXNativeTarget "AssembleTests" */ = {
			isa = XCConfigurationList;
			buildConfigurations = (
				7896D3CE21EF335E0012018B /* Debug */,
				7896D3CF21EF335E0012018B /* Release */,
			);
			defaultConfigurationIsVisible = 0;
			defaultConfigurationName = Release;
		};
		7896D3D021EF335E0012018B /* Build configuration list for PBXNativeTarget "AssembleUITests" */ = {
			isa = XCConfigurationList;
			buildConfigurations = (
				7896D3D121EF335E0012018B /* Debug */,
				7896D3D221EF335E0012018B /* Release */,
			);
			defaultConfigurationIsVisible = 0;
			defaultConfigurationName = Release;
		};
/* End XCConfigurationList section */
	};
	rootObject = 7896D39621EF335E0012018B /* Project object */;
}
