// !$*UTF8*$!
{
	archiveVersion = 1;
	classes = {
	};
	objectVersion = 50;
	objects = {

/* Begin PBXBuildFile section */
		789A4F2321EDBF520037AFC7 /* AppDelegate.m in Sources */ = {isa = PBXBuildFile; fileRef = 789A4F2221EDBF520037AFC7 /* AppDelegate.m */; };
		789A4F2621EDBF520037AFC7 /* ViewController.m in Sources */ = {isa = PBXBuildFile; fileRef = 789A4F2521EDBF520037AFC7 /* ViewController.m */; };
		789A4F2921EDBF520037AFC7 /* Main.storyboard in Resources */ = {isa = PBXBuildFile; fileRef = 789A4F2721EDBF520037AFC7 /* Main.storyboard */; };
		789A4F2B21EDBF530037AFC7 /* Assets.xcassets in Resources */ = {isa = PBXBuildFile; fileRef = 789A4F2A21EDBF530037AFC7 /* Assets.xcassets */; };
		789A4F2E21EDBF530037AFC7 /* LaunchScreen.storyboard in Resources */ = {isa = PBXBuildFile; fileRef = 789A4F2C21EDBF530037AFC7 /* LaunchScreen.storyboard */; };
		789A4F3121EDBF530037AFC7 /* main.m in Sources */ = {isa = PBXBuildFile; fileRef = 789A4F3021EDBF530037AFC7 /* main.m */; };
		789A4F3B21EDBF530037AFC7 /* LLVMTests.m in Sources */ = {isa = PBXBuildFile; fileRef = 789A4F3A21EDBF530037AFC7 /* LLVMTests.m */; };
		789A4F4621EDBF530037AFC7 /* LLVMUITests.m in Sources */ = {isa = PBXBuildFile; fileRef = 789A4F4521EDBF530037AFC7 /* LLVMUITests.m */; };
/* End PBXBuildFile section */

/* Begin PBXContainerItemProxy section */
		789A4F3721EDBF530037AFC7 /* PBXContainerItemProxy */ = {
			isa = PBXContainerItemProxy;
			containerPortal = 789A4F1621EDBF520037AFC7 /* Project object */;
			proxyType = 1;
			remoteGlobalIDString = 789A4F1D21EDBF520037AFC7;
			remoteInfo = LLVM;
		};
		789A4F4221EDBF530037AFC7 /* PBXContainerItemProxy */ = {
			isa = PBXContainerItemProxy;
			containerPortal = 789A4F1621EDBF520037AFC7 /* Project object */;
			proxyType = 1;
			remoteGlobalIDString = 789A4F1D21EDBF520037AFC7;
			remoteInfo = LLVM;
		};
/* End PBXContainerItemProxy section */

/* Begin PBXFileReference section */
		789A4F1E21EDBF520037AFC7 /* LLVM.app */ = {isa = PBXFileReference; explicitFileType = wrapper.application; includeInIndex = 0; path = LLVM.app; sourceTree = BUILT_PRODUCTS_DIR; };
		789A4F2121EDBF520037AFC7 /* AppDelegate.h */ = {isa = PBXFileReference; lastKnownFileType = sourcecode.c.h; path = AppDelegate.h; sourceTree = "<group>"; };
		789A4F2221EDBF520037AFC7 /* AppDelegate.m */ = {isa = PBXFileReference; lastKnownFileType = sourcecode.c.objc; path = AppDelegate.m; sourceTree = "<group>"; };
		789A4F2421EDBF520037AFC7 /* ViewController.h */ = {isa = PBXFileReference; lastKnownFileType = sourcecode.c.h; path = ViewController.h; sourceTree = "<group>"; };
		789A4F2521EDBF520037AFC7 /* ViewController.m */ = {isa = PBXFileReference; lastKnownFileType = sourcecode.c.objc; path = ViewController.m; sourceTree = "<group>"; };
		789A4F2821EDBF520037AFC7 /* Base */ = {isa = PBXFileReference; lastKnownFileType = file.storyboard; name = Base; path = Base.lproj/Main.storyboard; sourceTree = "<group>"; };
		789A4F2A21EDBF530037AFC7 /* Assets.xcassets */ = {isa = PBXFileReference; lastKnownFileType = folder.assetcatalog; path = Assets.xcassets; sourceTree = "<group>"; };
		789A4F2D21EDBF530037AFC7 /* Base */ = {isa = PBXFileReference; lastKnownFileType = file.storyboard; name = Base; path = Base.lproj/LaunchScreen.storyboard; sourceTree = "<group>"; };
		789A4F2F21EDBF530037AFC7 /* Info.plist */ = {isa = PBXFileReference; lastKnownFileType = text.plist.xml; path = Info.plist; sourceTree = "<group>"; };
		789A4F3021EDBF530037AFC7 /* main.m */ = {isa = PBXFileReference; lastKnownFileType = sourcecode.c.objc; path = main.m; sourceTree = "<group>"; };
		789A4F3621EDBF530037AFC7 /* LLVMTests.xctest */ = {isa = PBXFileReference; explicitFileType = wrapper.cfbundle; includeInIndex = 0; path = LLVMTests.xctest; sourceTree = BUILT_PRODUCTS_DIR; };
		789A4F3A21EDBF530037AFC7 /* LLVMTests.m */ = {isa = PBXFileReference; lastKnownFileType = sourcecode.c.objc; path = LLVMTests.m; sourceTree = "<group>"; };
		789A4F3C21EDBF530037AFC7 /* Info.plist */ = {isa = PBXFileReference; lastKnownFileType = text.plist.xml; path = Info.plist; sourceTree = "<group>"; };
		789A4F4121EDBF530037AFC7 /* LLVMUITests.xctest */ = {isa = PBXFileReference; explicitFileType = wrapper.cfbundle; includeInIndex = 0; path = LLVMUITests.xctest; sourceTree = BUILT_PRODUCTS_DIR; };
		789A4F4521EDBF530037AFC7 /* LLVMUITests.m */ = {isa = PBXFileReference; lastKnownFileType = sourcecode.c.objc; path = LLVMUITests.m; sourceTree = "<group>"; };
		789A4F4721EDBF530037AFC7 /* Info.plist */ = {isa = PBXFileReference; lastKnownFileType = text.plist.xml; path = Info.plist; sourceTree = "<group>"; };
/* End PBXFileReference section */

/* Begin PBXFrameworksBuildPhase section */
		789A4F1B21EDBF520037AFC7 /* Frameworks */ = {
			isa = PBXFrameworksBuildPhase;
			buildActionMask = 2147483647;
			files = (
			);
			runOnlyForDeploymentPostprocessing = 0;
		};
		789A4F3321EDBF530037AFC7 /* Frameworks */ = {
			isa = PBXFrameworksBuildPhase;
			buildActionMask = 2147483647;
			files = (
			);
			runOnlyForDeploymentPostprocessing = 0;
		};
		789A4F3E21EDBF530037AFC7 /* Frameworks */ = {
			isa = PBXFrameworksBuildPhase;
			buildActionMask = 2147483647;
			files = (
			);
			runOnlyForDeploymentPostprocessing = 0;
		};
/* End PBXFrameworksBuildPhase section */

/* Begin PBXGroup section */
		789A4F1521EDBF520037AFC7 = {
			isa = PBXGroup;
			children = (
				789A4F2021EDBF520037AFC7 /* LLVM */,
				789A4F3921EDBF530037AFC7 /* LLVMTests */,
				789A4F4421EDBF530037AFC7 /* LLVMUITests */,
				789A4F1F21EDBF520037AFC7 /* Products */,
			);
			sourceTree = "<group>";
		};
		789A4F1F21EDBF520037AFC7 /* Products */ = {
			isa = PBXGroup;
			children = (
				789A4F1E21EDBF520037AFC7 /* LLVM.app */,
				789A4F3621EDBF530037AFC7 /* LLVMTests.xctest */,
				789A4F4121EDBF530037AFC7 /* LLVMUITests.xctest */,
			);
			name = Products;
			sourceTree = "<group>";
		};
		789A4F2021EDBF520037AFC7 /* LLVM */ = {
			isa = PBXGroup;
			children = (
				789A4F2121EDBF520037AFC7 /* AppDelegate.h */,
				789A4F2221EDBF520037AFC7 /* AppDelegate.m */,
				789A4F2421EDBF520037AFC7 /* ViewController.h */,
				789A4F2521EDBF520037AFC7 /* ViewController.m */,
				789A4F2721EDBF520037AFC7 /* Main.storyboard */,
				789A4F2A21EDBF530037AFC7 /* Assets.xcassets */,
				789A4F2C21EDBF530037AFC7 /* LaunchScreen.storyboard */,
				789A4F2F21EDBF530037AFC7 /* Info.plist */,
				789A4F3021EDBF530037AFC7 /* main.m */,
			);
			path = LLVM;
			sourceTree = "<group>";
		};
		789A4F3921EDBF530037AFC7 /* LLVMTests */ = {
			isa = PBXGroup;
			children = (
				789A4F3A21EDBF530037AFC7 /* LLVMTests.m */,
				789A4F3C21EDBF530037AFC7 /* Info.plist */,
			);
			path = LLVMTests;
			sourceTree = "<group>";
		};
		789A4F4421EDBF530037AFC7 /* LLVMUITests */ = {
			isa = PBXGroup;
			children = (
				789A4F4521EDBF530037AFC7 /* LLVMUITests.m */,
				789A4F4721EDBF530037AFC7 /* Info.plist */,
			);
			path = LLVMUITests;
			sourceTree = "<group>";
		};
/* End PBXGroup section */

/* Begin PBXNativeTarget section */
		789A4F1D21EDBF520037AFC7 /* LLVM */ = {
			isa = PBXNativeTarget;
			buildConfigurationList = 789A4F4A21EDBF530037AFC7 /* Build configuration list for PBXNativeTarget "LLVM" */;
			buildPhases = (
				789A4F1A21EDBF520037AFC7 /* Sources */,
				789A4F1B21EDBF520037AFC7 /* Frameworks */,
				789A4F1C21EDBF520037AFC7 /* Resources */,
			);
			buildRules = (
			);
			dependencies = (
			);
			name = LLVM;
			productName = LLVM;
			productReference = 789A4F1E21EDBF520037AFC7 /* LLVM.app */;
			productType = "com.apple.product-type.application";
		};
		789A4F3521EDBF530037AFC7 /* LLVMTests */ = {
			isa = PBXNativeTarget;
			buildConfigurationList = 789A4F4D21EDBF530037AFC7 /* Build configuration list for PBXNativeTarget "LLVMTests" */;
			buildPhases = (
				789A4F3221EDBF530037AFC7 /* Sources */,
				789A4F3321EDBF530037AFC7 /* Frameworks */,
				789A4F3421EDBF530037AFC7 /* Resources */,
			);
			buildRules = (
			);
			dependencies = (
				789A4F3821EDBF530037AFC7 /* PBXTargetDependency */,
			);
			name = LLVMTests;
			productName = LLVMTests;
			productReference = 789A4F3621EDBF530037AFC7 /* LLVMTests.xctest */;
			productType = "com.apple.product-type.bundle.unit-test";
		};
		789A4F4021EDBF530037AFC7 /* LLVMUITests */ = {
			isa = PBXNativeTarget;
			buildConfigurationList = 789A4F5021EDBF530037AFC7 /* Build configuration list for PBXNativeTarget "LLVMUITests" */;
			buildPhases = (
				789A4F3D21EDBF530037AFC7 /* Sources */,
				789A4F3E21EDBF530037AFC7 /* Frameworks */,
				789A4F3F21EDBF530037AFC7 /* Resources */,
			);
			buildRules = (
			);
			dependencies = (
				789A4F4321EDBF530037AFC7 /* PBXTargetDependency */,
			);
			name = LLVMUITests;
			productName = LLVMUITests;
			productReference = 789A4F4121EDBF530037AFC7 /* LLVMUITests.xctest */;
			productType = "com.apple.product-type.bundle.ui-testing";
		};
/* End PBXNativeTarget section */

/* Begin PBXProject section */
		789A4F1621EDBF520037AFC7 /* Project object */ = {
			isa = PBXProject;
			attributes = {
				LastUpgradeCheck = 1010;
				ORGANIZATIONNAME = TimeForest;
				TargetAttributes = {
					789A4F1D21EDBF520037AFC7 = {
						CreatedOnToolsVersion = 10.1;
					};
					789A4F3521EDBF530037AFC7 = {
						CreatedOnToolsVersion = 10.1;
						TestTargetID = 789A4F1D21EDBF520037AFC7;
					};
					789A4F4021EDBF530037AFC7 = {
						CreatedOnToolsVersion = 10.1;
						TestTargetID = 789A4F1D21EDBF520037AFC7;
					};
				};
			};
			buildConfigurationList = 789A4F1921EDBF520037AFC7 /* Build configuration list for PBXProject "LLVM" */;
			compatibilityVersion = "Xcode 9.3";
			developmentRegion = en;
			hasScannedForEncodings = 0;
			knownRegions = (
				en,
				Base,
			);
			mainGroup = 789A4F1521EDBF520037AFC7;
			productRefGroup = 789A4F1F21EDBF520037AFC7 /* Products */;
			projectDirPath = "";
			projectRoot = "";
			targets = (
				789A4F1D21EDBF520037AFC7 /* LLVM */,
				789A4F3521EDBF530037AFC7 /* LLVMTests */,
				789A4F4021EDBF530037AFC7 /* LLVMUITests */,
			);
		};
/* End PBXProject section */

/* Begin PBXResourcesBuildPhase section */
		789A4F1C21EDBF520037AFC7 /* Resources */ = {
			isa = PBXResourcesBuildPhase;
			buildActionMask = 2147483647;
			files = (
				789A4F2E21EDBF530037AFC7 /* LaunchScreen.storyboard in Resources */,
				789A4F2B21EDBF530037AFC7 /* Assets.xcassets in Resources */,
				789A4F2921EDBF520037AFC7 /* Main.storyboard in Resources */,
			);
			runOnlyForDeploymentPostprocessing = 0;
		};
		789A4F3421EDBF530037AFC7 /* Resources */ = {
			isa = PBXResourcesBuildPhase;
			buildActionMask = 2147483647;
			files = (
			);
			runOnlyForDeploymentPostprocessing = 0;
		};
		789A4F3F21EDBF530037AFC7 /* Resources */ = {
			isa = PBXResourcesBuildPhase;
			buildActionMask = 2147483647;
			files = (
			);
			runOnlyForDeploymentPostprocessing = 0;
		};
/* End PBXResourcesBuildPhase section */

/* Begin PBXSourcesBuildPhase section */
		789A4F1A21EDBF520037AFC7 /* Sources */ = {
			isa = PBXSourcesBuildPhase;
			buildActionMask = 2147483647;
			files = (
				789A4F2621EDBF520037AFC7 /* ViewController.m in Sources */,
				789A4F3121EDBF530037AFC7 /* main.m in Sources */,
				789A4F2321EDBF520037AFC7 /* AppDelegate.m in Sources */,
			);
			runOnlyForDeploymentPostprocessing = 0;
		};
		789A4F3221EDBF530037AFC7 /* Sources */ = {
			isa = PBXSourcesBuildPhase;
			buildActionMask = 2147483647;
			files = (
				789A4F3B21EDBF530037AFC7 /* LLVMTests.m in Sources */,
			);
			runOnlyForDeploymentPostprocessing = 0;
		};
		789A4F3D21EDBF530037AFC7 /* Sources */ = {
			isa = PBXSourcesBuildPhase;
			buildActionMask = 2147483647;
			files = (
				789A4F4621EDBF530037AFC7 /* LLVMUITests.m in Sources */,
			);
			runOnlyForDeploymentPostprocessing = 0;
		};
/* End PBXSourcesBuildPhase section */

/* Begin PBXTargetDependency section */
		789A4F3821EDBF530037AFC7 /* PBXTargetDependency */ = {
			isa = PBXTargetDependency;
			target = 789A4F1D21EDBF520037AFC7 /* LLVM */;
			targetProxy = 789A4F3721EDBF530037AFC7 /* PBXContainerItemProxy */;
		};
		789A4F4321EDBF530037AFC7 /* PBXTargetDependency */ = {
			isa = PBXTargetDependency;
			target = 789A4F1D21EDBF520037AFC7 /* LLVM */;
			targetProxy = 789A4F4221EDBF530037AFC7 /* PBXContainerItemProxy */;
		};
/* End PBXTargetDependency section */

/* Begin PBXVariantGroup section */
		789A4F2721EDBF520037AFC7 /* Main.storyboard */ = {
			isa = PBXVariantGroup;
			children = (
				789A4F2821EDBF520037AFC7 /* Base */,
			);
			name = Main.storyboard;
			sourceTree = "<group>";
		};
		789A4F2C21EDBF530037AFC7 /* LaunchScreen.storyboard */ = {
			isa = PBXVariantGroup;
			children = (
				789A4F2D21EDBF530037AFC7 /* Base */,
			);
			name = LaunchScreen.storyboard;
			sourceTree = "<group>";
		};
/* End PBXVariantGroup section */

/* Begin XCBuildConfiguration section */
		789A4F4821EDBF530037AFC7 /* Debug */ = {
			isa = XCBuildConfiguration;
			buildSettings = {
				ALWAYS_SEARCH_USER_PATHS = NO;
				CLANG_ANALYZER_NONNULL = YES;
				CLANG_ANALYZER_NUMBER_OBJECT_CONVERSION = YES_AGGRESSIVE;
				CLANG_CXX_LANGUAGE_STANDARD = "gnu++14";
				CLANG_CXX_LIBRARY = "libc++";
				CLANG_ENABLE_MODULES = YES;
				CLANG_ENABLE_OBJC_ARC = YES;
				CLANG_ENABLE_OBJC_WEAK = YES;
				CLANG_WARN_BLOCK_CAPTURE_AUTORELEASING = YES;
				CLANG_WARN_BOOL_CONVERSION = YES;
				CLANG_WARN_COMMA = YES;
				CLANG_WARN_CONSTANT_CONVERSION = YES;
				CLANG_WARN_DEPRECATED_OBJC_IMPLEMENTATIONS = YES;
				CLANG_WARN_DIRECT_OBJC_ISA_USAGE = YES_ERROR;
				CLANG_WARN_DOCUMENTATION_COMMENTS = YES;
				CLANG_WARN_EMPTY_BODY = YES;
				CLANG_WARN_ENUM_CONVERSION = YES;
				CLANG_WARN_INFINITE_RECURSION = YES;
				CLANG_WARN_INT_CONVERSION = YES;
				CLANG_WARN_NON_LITERAL_NULL_CONVERSION = YES;
				CLANG_WARN_OBJC_IMPLICIT_RETAIN_SELF = YES;
				CLANG_WARN_OBJC_LITERAL_CONVERSION = YES;
				CLANG_WARN_OBJC_ROOT_CLASS = YES_ERROR;
				CLANG_WARN_RANGE_LOOP_ANALYSIS = YES;
				CLANG_WARN_STRICT_PROTOTYPES = YES;
				CLANG_WARN_SUSPICIOUS_MOVE = YES;
				CLANG_WARN_UNGUARDED_AVAILABILITY = YES_AGGRESSIVE;
				CLANG_WARN_UNREACHABLE_CODE = YES;
				CLANG_WARN__DUPLICATE_METHOD_MATCH = YES;
				CODE_SIGN_IDENTITY = "iPhone Developer";
				COPY_PHASE_STRIP = NO;
				DEBUG_INFORMATION_FORMAT = dwarf;
				ENABLE_STRICT_OBJC_MSGSEND = YES;
				ENABLE_TESTABILITY = YES;
				GCC_C_LANGUAGE_STANDARD = gnu11;
				GCC_DYNAMIC_NO_PIC = NO;
				GCC_NO_COMMON_BLOCKS = YES;
				GCC_OPTIMIZATION_LEVEL = 0;
				GCC_PREPROCESSOR_DEFINITIONS = (
					"DEBUG=1",
					"$(inherited)",
				);
				GCC_WARN_64_TO_32_BIT_CONVERSION = YES;
				GCC_WARN_ABOUT_RETURN_TYPE = YES_ERROR;
				GCC_WARN_UNDECLARED_SELECTOR = YES;
				GCC_WARN_UNINITIALIZED_AUTOS = YES_AGGRESSIVE;
				GCC_WARN_UNUSED_FUNCTION = YES;
				GCC_WARN_UNUSED_VARIABLE = YES;
				IPHONEOS_DEPLOYMENT_TARGET = 12.1;
				MTL_ENABLE_DEBUG_INFO = INCLUDE_SOURCE;
				MTL_FAST_MATH = YES;
				ONLY_ACTIVE_ARCH = YES;
				SDKROOT = iphoneos;
			};
			name = Debug;
		};
		789A4F4921EDBF530037AFC7 /* Release */ = {
			isa = XCBuildConfiguration;
			buildSettings = {
				ALWAYS_SEARCH_USER_PATHS = NO;
				CLANG_ANALYZER_NONNULL = YES;
				CLANG_ANALYZER_NUMBER_OBJECT_CONVERSION = YES_AGGRESSIVE;
				CLANG_CXX_LANGUAGE_STANDARD = "gnu++14";
				CLANG_CXX_LIBRARY = "libc++";
				CLANG_ENABLE_MODULES = YES;
				CLANG_ENABLE_OBJC_ARC = YES;
				CLANG_ENABLE_OBJC_WEAK = YES;
				CLANG_WARN_BLOCK_CAPTURE_AUTORELEASING = YES;
				CLANG_WARN_BOOL_CONVERSION = YES;
				CLANG_WARN_COMMA = YES;
				CLANG_WARN_CONSTANT_CONVERSION = YES;
				CLANG_WARN_DEPRECATED_OBJC_IMPLEMENTATIONS = YES;
				CLANG_WARN_DIRECT_OBJC_ISA_USAGE = YES_ERROR;
				CLANG_WARN_DOCUMENTATION_COMMENTS = YES;
				CLANG_WARN_EMPTY_BODY = YES;
				CLANG_WARN_ENUM_CONVERSION = YES;
				CLANG_WARN_INFINITE_RECURSION = YES;
				CLANG_WARN_INT_CONVERSION = YES;
				CLANG_WARN_NON_LITERAL_NULL_CONVERSION = YES;
				CLANG_WARN_OBJC_IMPLICIT_RETAIN_SELF = YES;
				CLANG_WARN_OBJC_LITERAL_CONVERSION = YES;
				CLANG_WARN_OBJC_ROOT_CLASS = YES_ERROR;
				CLANG_WARN_RANGE_LOOP_ANALYSIS = YES;
				CLANG_WARN_STRICT_PROTOTYPES = YES;
				CLANG_WARN_SUSPICIOUS_MOVE = YES;
				CLANG_WARN_UNGUARDED_AVAILABILITY = YES_AGGRESSIVE;
				CLANG_WARN_UNREACHABLE_CODE = YES;
				CLANG_WARN__DUPLICATE_METHOD_MATCH = YES;
				CODE_SIGN_IDENTITY = "iPhone Developer";
				COPY_PHASE_STRIP = NO;
				DEBUG_INFORMATION_FORMAT = "dwarf-with-dsym";
				ENABLE_NS_ASSERTIONS = NO;
				ENABLE_STRICT_OBJC_MSGSEND = YES;
				GCC_C_LANGUAGE_STANDARD = gnu11;
				GCC_NO_COMMON_BLOCKS = YES;
				GCC_WARN_64_TO_32_BIT_CONVERSION = YES;
				GCC_WARN_ABOUT_RETURN_TYPE = YES_ERROR;
				GCC_WARN_UNDECLARED_SELECTOR = YES;
				GCC_WARN_UNINITIALIZED_AUTOS = YES_AGGRESSIVE;
				GCC_WARN_UNUSED_FUNCTION = YES;
				GCC_WARN_UNUSED_VARIABLE = YES;
				IPHONEOS_DEPLOYMENT_TARGET = 12.1;
				MTL_ENABLE_DEBUG_INFO = NO;
				MTL_FAST_MATH = YES;
				SDKROOT = iphoneos;
				VALIDATE_PRODUCT = YES;
			};
			name = Release;
		};
		789A4F4B21EDBF530037AFC7 /* Debug */ = {
			isa = XCBuildConfiguration;
			buildSettings = {
				ASSETCATALOG_COMPILER_APPICON_NAME = AppIcon;
				CODE_SIGN_STYLE = Automatic;
				INFOPLIST_FILE = LLVM/Info.plist;
				LD_RUNPATH_SEARCH_PATHS = (
					"$(inherited)",
					"@executable_path/Frameworks",
				);
				PRODUCT_BUNDLE_IDENTIFIER = com.timeforest.LLVM;
				PRODUCT_NAME = "$(TARGET_NAME)";
				TARGETED_DEVICE_FAMILY = "1,2";
			};
			name = Debug;
		};
		789A4F4C21EDBF530037AFC7 /* Release */ = {
			isa = XCBuildConfiguration;
			buildSettings = {
				ASSETCATALOG_COMPILER_APPICON_NAME = AppIcon;
				CODE_SIGN_STYLE = Automatic;
				INFOPLIST_FILE = LLVM/Info.plist;
				LD_RUNPATH_SEARCH_PATHS = (
					"$(inherited)",
					"@executable_path/Frameworks",
				);
				PRODUCT_BUNDLE_IDENTIFIER = com.timeforest.LLVM;
				PRODUCT_NAME = "$(TARGET_NAME)";
				TARGETED_DEVICE_FAMILY = "1,2";
			};
			name = Release;
		};
		789A4F4E21EDBF530037AFC7 /* Debug */ = {
			isa = XCBuildConfiguration;
			buildSettings = {
				BUNDLE_LOADER = "$(TEST_HOST)";
				CODE_SIGN_STYLE = Automatic;
				INFOPLIST_FILE = LLVMTests/Info.plist;
				LD_RUNPATH_SEARCH_PATHS = (
					"$(inherited)",
					"@executable_path/Frameworks",
					"@loader_path/Frameworks",
				);
				PRODUCT_BUNDLE_IDENTIFIER = com.timeforest.LLVMTests;
				PRODUCT_NAME = "$(TARGET_NAME)";
				TARGETED_DEVICE_FAMILY = "1,2";
				TEST_HOST = "$(BUILT_PRODUCTS_DIR)/LLVM.app/LLVM";
			};
			name = Debug;
		};
		789A4F4F21EDBF530037AFC7 /* Release */ = {
			isa = XCBuildConfiguration;
			buildSettings = {
				BUNDLE_LOADER = "$(TEST_HOST)";
				CODE_SIGN_STYLE = Automatic;
				INFOPLIST_FILE = LLVMTests/Info.plist;
				LD_RUNPATH_SEARCH_PATHS = (
					"$(inherited)",
					"@executable_path/Frameworks",
					"@loader_path/Frameworks",
				);
				PRODUCT_BUNDLE_IDENTIFIER = com.timeforest.LLVMTests;
				PRODUCT_NAME = "$(TARGET_NAME)";
				TARGETED_DEVICE_FAMILY = "1,2";
				TEST_HOST = "$(BUILT_PRODUCTS_DIR)/LLVM.app/LLVM";
			};
			name = Release;
		};
		789A4F5121EDBF530037AFC7 /* Debug */ = {
			isa = XCBuildConfiguration;
			buildSettings = {
				CODE_SIGN_STYLE = Automatic;
				INFOPLIST_FILE = LLVMUITests/Info.plist;
				LD_RUNPATH_SEARCH_PATHS = (
					"$(inherited)",
					"@executable_path/Frameworks",
					"@loader_path/Frameworks",
				);
				PRODUCT_BUNDLE_IDENTIFIER = com.timeforest.LLVMUITests;
				PRODUCT_NAME = "$(TARGET_NAME)";
				TARGETED_DEVICE_FAMILY = "1,2";
				TEST_TARGET_NAME = LLVM;
			};
			name = Debug;
		};
		789A4F5221EDBF530037AFC7 /* Release */ = {
			isa = XCBuildConfiguration;
			buildSettings = {
				CODE_SIGN_STYLE = Automatic;
				INFOPLIST_FILE = LLVMUITests/Info.plist;
				LD_RUNPATH_SEARCH_PATHS = (
					"$(inherited)",
					"@executable_path/Frameworks",
					"@loader_path/Frameworks",
				);
				PRODUCT_BUNDLE_IDENTIFIER = com.timeforest.LLVMUITests;
				PRODUCT_NAME = "$(TARGET_NAME)";
				TARGETED_DEVICE_FAMILY = "1,2";
				TEST_TARGET_NAME = LLVM;
			};
			name = Release;
		};
/* End XCBuildConfiguration section */

/* Begin XCConfigurationList section */
		789A4F1921EDBF520037AFC7 /* Build configuration list for PBXProject "LLVM" */ = {
			isa = XCConfigurationList;
			buildConfigurations = (
				789A4F4821EDBF530037AFC7 /* Debug */,
				789A4F4921EDBF530037AFC7 /* Release */,
			);
			defaultConfigurationIsVisible = 0;
			defaultConfigurationName = Release;
		};
		789A4F4A21EDBF530037AFC7 /* Build configuration list for PBXNativeTarget "LLVM" */ = {
			isa = XCConfigurationList;
			buildConfigurations = (
				789A4F4B21EDBF530037AFC7 /* Debug */,
				789A4F4C21EDBF530037AFC7 /* Release */,
			);
			defaultConfigurationIsVisible = 0;
			defaultConfigurationName = Release;
		};
		789A4F4D21EDBF530037AFC7 /* Build configuration list for PBXNativeTarget "LLVMTests" */ = {
			isa = XCConfigurationList;
			buildConfigurations = (
				789A4F4E21EDBF530037AFC7 /* Debug */,
				789A4F4F21EDBF530037AFC7 /* Release */,
			);
			defaultConfigurationIsVisible = 0;
			defaultConfigurationName = Release;
		};
		789A4F5021EDBF530037AFC7 /* Build configuration list for PBXNativeTarget "LLVMUITests" */ = {
			isa = XCConfigurationList;
			buildConfigurations = (
				789A4F5121EDBF530037AFC7 /* Debug */,
				789A4F5221EDBF530037AFC7 /* Release */,
			);
			defaultConfigurationIsVisible = 0;
			defaultConfigurationName = Release;
		};
/* End XCConfigurationList section */
	};
	rootObject = 789A4F1621EDBF520037AFC7 /* Project object */;
}
